// !$*UTF8*$!
{
	archiveVersion = 1;
	classes = {
	};
	objectVersion = 50;
	objects = {

/* Begin PBXBuildFile section */
		466BF38A25E2FE9A00D6401A /* cbm_cp437_font.cpp in Sources */ = {isa = PBXBuildFile; fileRef = 466BF38825E2FE9A00D6401A /* cbm_cp437_font.cpp */; };
		466BF38B25E2FE9A00D6401A /* kernel.cpp in Sources */ = {isa = PBXBuildFile; fileRef = 466BF38925E2FE9A00D6401A /* kernel.cpp */; };
		466D919C25D6E96D00BD95AE /* sdl2.cpp in Sources */ = {isa = PBXBuildFile; fileRef = 466D919A25D6E96D00BD95AE /* sdl2.cpp */; };
		4691C77923D7B23C00E9E78D /* Assets.xcassets in Resources */ = {isa = PBXBuildFile; fileRef = 4691C77823D7B23C00E9E78D /* Assets.xcassets */; };
		4691C77C23D7B23C00E9E78D /* Preview Assets.xcassets in Resources */ = {isa = PBXBuildFile; fileRef = 4691C77B23D7B23C00E9E78D /* Preview Assets.xcassets */; };
		4691C78823D7B28600E9E78D /* main.cpp in Sources */ = {isa = PBXBuildFile; fileRef = 4691C78723D7B28600E9E78D /* main.cpp */; };
		4691C7A623D7B3B600E9E78D /* SDL2.framework in Frameworks */ = {isa = PBXBuildFile; fileRef = 4691C7A523D7B3B600E9E78D /* SDL2.framework */; };
		4691C7A723D7B3B600E9E78D /* SDL2.framework in Embed Frameworks */ = {isa = PBXBuildFile; fileRef = 4691C7A523D7B3B600E9E78D /* SDL2.framework */; settings = {ATTRIBUTES = (CodeSignOnCopy, RemoveHeadersOnCopy, ); }; };
		4691C81423D7B80B00E9E78D /* log.txt in Resources */ = {isa = PBXBuildFile; fileRef = 4691C81323D7B80B00E9E78D /* log.txt */; };
		46B3D15325E406320048C6A3 /* monitor.cpp in Sources */ = {isa = PBXBuildFile; fileRef = 46B3D15225E406310048C6A3 /* monitor.cpp */; };
		46C9CE3625D6CFF000AC9626 /* host.cpp in Sources */ = {isa = PBXBuildFile; fileRef = 46C9CE3525D6CFF000AC9626 /* host.cpp */; };
		46C9CE3A25D6E06100AC9626 /* video.cpp in Sources */ = {isa = PBXBuildFile; fileRef = 46C9CE3825D6E06100AC9626 /* video.cpp */; };
		46C9CE3D25D6E22600AC9626 /* settings.cpp in Sources */ = {isa = PBXBuildFile; fileRef = 46C9CE3B25D6E22600AC9626 /* settings.cpp */; };
		46D3184F2528BC3900E08C23 /* status_bar.cpp in Sources */ = {isa = PBXBuildFile; fileRef = 46D318472528BC3900E08C23 /* status_bar.cpp */; };
		46D318502528BC3900E08C23 /* command.cpp in Sources */ = {isa = PBXBuildFile; fileRef = 46D318492528BC3900E08C23 /* command.cpp */; };
		46D318512528BC3900E08C23 /* tty.cpp in Sources */ = {isa = PBXBuildFile; fileRef = 46D3184B2528BC3900E08C23 /* tty.cpp */; };
		46D318522528BC3900E08C23 /* screen.cpp in Sources */ = {isa = PBXBuildFile; fileRef = 46D3184D2528BC3900E08C23 /* screen.cpp */; };
		46EE698425E29D3C005C69F2 /* machine.cpp in Sources */ = {isa = PBXBuildFile; fileRef = 46EE698225E29D3C005C69F2 /* machine.cpp */; };
		46EE698E25E29DE6005C69F2 /* fd_sounds.cpp in Sources */ = {isa = PBXBuildFile; fileRef = 46EE698B25E29DE5005C69F2 /* fd_sounds.cpp */; };
		46EE698F25E29DE6005C69F2 /* fd.cpp in Sources */ = {isa = PBXBuildFile; fileRef = 46EE698C25E29DE5005C69F2 /* fd.cpp */; };
		46EE699425E2EED2005C69F2 /* cia.cpp in Sources */ = {isa = PBXBuildFile; fileRef = 46EE699225E2EED2005C69F2 /* cia.cpp */; };
		46EE69AB25E2F018005C69F2 /* Moira.cpp in Sources */ = {isa = PBXBuildFile; fileRef = 46EE699E25E2F018005C69F2 /* Moira.cpp */; };
		46EE69AC25E2F018005C69F2 /* MoiraDebugger.cpp in Sources */ = {isa = PBXBuildFile; fileRef = 46EE69A325E2F018005C69F2 /* MoiraDebugger.cpp */; };
		46EE69AF25E2F02B005C69F2 /* cpu_moira.cpp in Sources */ = {isa = PBXBuildFile; fileRef = 46EE69AE25E2F02B005C69F2 /* cpu_moira.cpp */; };
		46EE69B325E2F16E005C69F2 /* mmu.cpp in Sources */ = {isa = PBXBuildFile; fileRef = 46EE69B125E2F16E005C69F2 /* mmu.cpp */; };
		46EE69B825E2F1F2005C69F2 /* sids.cpp in Sources */ = {isa = PBXBuildFile; fileRef = 46EE69B725E2F1F2005C69F2 /* sids.cpp */; };
		46EE69D225E2F22D005C69F2 /* wave6581_PST.cc in Sources */ = {isa = PBXBuildFile; fileRef = 46EE69B925E2F22C005C69F2 /* wave6581_PST.cc */; };
		46EE69D325E2F22D005C69F2 /* wave6581_P_T.cc in Sources */ = {isa = PBXBuildFile; fileRef = 46EE69BD25E2F22C005C69F2 /* wave6581_P_T.cc */; };
		46EE69D425E2F22D005C69F2 /* wave.cc in Sources */ = {isa = PBXBuildFile; fileRef = 46EE69BF25E2F22C005C69F2 /* wave.cc */; };
		46EE69D525E2F22D005C69F2 /* wave8580_P_T.cc in Sources */ = {isa = PBXBuildFile; fileRef = 46EE69C125E2F22C005C69F2 /* wave8580_P_T.cc */; };
		46EE69D625E2F22D005C69F2 /* wave8580_PST.cc in Sources */ = {isa = PBXBuildFile; fileRef = 46EE69C325E2F22C005C69F2 /* wave8580_PST.cc */; };
		46EE69D725E2F22D005C69F2 /* wave6581__ST.cc in Sources */ = {isa = PBXBuildFile; fileRef = 46EE69C425E2F22C005C69F2 /* wave6581__ST.cc */; };
		46EE69D825E2F22D005C69F2 /* envelope.cc in Sources */ = {isa = PBXBuildFile; fileRef = 46EE69C525E2F22C005C69F2 /* envelope.cc */; };
		46EE69D925E2F22D005C69F2 /* extfilt.cc in Sources */ = {isa = PBXBuildFile; fileRef = 46EE69C625E2F22C005C69F2 /* extfilt.cc */; };
		46EE69DA25E2F22D005C69F2 /* voice.cc in Sources */ = {isa = PBXBuildFile; fileRef = 46EE69C825E2F22C005C69F2 /* voice.cc */; };
		46EE69DB25E2F22D005C69F2 /* sid.cc in Sources */ = {isa = PBXBuildFile; fileRef = 46EE69C925E2F22C005C69F2 /* sid.cc */; };
		46EE69DC25E2F22D005C69F2 /* version.cc in Sources */ = {isa = PBXBuildFile; fileRef = 46EE69CA25E2F22C005C69F2 /* version.cc */; };
		46EE69DD25E2F22D005C69F2 /* pot.cc in Sources */ = {isa = PBXBuildFile; fileRef = 46EE69CB25E2F22C005C69F2 /* pot.cc */; };
		46EE69DE25E2F22D005C69F2 /* wave6581_PS_.cc in Sources */ = {isa = PBXBuildFile; fileRef = 46EE69CC25E2F22C005C69F2 /* wave6581_PS_.cc */; };
		46EE69DF25E2F22D005C69F2 /* wave8580__ST.cc in Sources */ = {isa = PBXBuildFile; fileRef = 46EE69CE25E2F22C005C69F2 /* wave8580__ST.cc */; };
		46EE69E025E2F22D005C69F2 /* wave8580_PS_.cc in Sources */ = {isa = PBXBuildFile; fileRef = 46EE69D025E2F22D005C69F2 /* wave8580_PS_.cc */; };
		46EE69E125E2F22D005C69F2 /* filter.cc in Sources */ = {isa = PBXBuildFile; fileRef = 46EE69D125E2F22D005C69F2 /* filter.cc */; };
		46EE69E725E2F295005C69F2 /* blitter.cpp in Sources */ = {isa = PBXBuildFile; fileRef = 46EE69E425E2F295005C69F2 /* blitter.cpp */; };
		46EE69E825E2F295005C69F2 /* vicv.cpp in Sources */ = {isa = PBXBuildFile; fileRef = 46EE69E525E2F295005C69F2 /* vicv.cpp */; };
		46EE69EC25E2F300005C69F2 /* timer.cpp in Sources */ = {isa = PBXBuildFile; fileRef = 46EE69EA25E2F300005C69F2 /* timer.cpp */; };
		46EE69F025E2F36E005C69F2 /* TTL74LS148.cpp in Sources */ = {isa = PBXBuildFile; fileRef = 46EE69EE25E2F36D005C69F2 /* TTL74LS148.cpp */; };
		46EE69F325E2F40E005C69F2 /* stats.cpp in Sources */ = {isa = PBXBuildFile; fileRef = 46EE69F225E2F40E005C69F2 /* stats.cpp */; };
/* End PBXBuildFile section */

/* Begin PBXCopyFilesBuildPhase section */
		4691C7A823D7B3B600E9E78D /* Embed Frameworks */ = {
			isa = PBXCopyFilesBuildPhase;
			buildActionMask = 2147483647;
			dstPath = "";
			dstSubfolderSpec = 10;
			files = (
				4691C7A723D7B3B600E9E78D /* SDL2.framework in Embed Frameworks */,
			);
			name = "Embed Frameworks";
			runOnlyForDeploymentPostprocessing = 0;
		};
/* End PBXCopyFilesBuildPhase section */

/* Begin PBXFileReference section */
		466BF38725E2FE9A00D6401A /* rom.hpp */ = {isa = PBXFileReference; fileEncoding = 4; lastKnownFileType = sourcecode.cpp.h; name = rom.hpp; path = ../../../src/rom/rom.hpp; sourceTree = "<group>"; };
		466BF38825E2FE9A00D6401A /* cbm_cp437_font.cpp */ = {isa = PBXFileReference; fileEncoding = 4; lastKnownFileType = sourcecode.cpp.cpp; name = cbm_cp437_font.cpp; path = ../../../src/rom/cbm_cp437_font.cpp; sourceTree = "<group>"; };
		466BF38925E2FE9A00D6401A /* kernel.cpp */ = {isa = PBXFileReference; fileEncoding = 4; lastKnownFileType = sourcecode.cpp.cpp; name = kernel.cpp; path = ../../../src/rom/kernel.cpp; sourceTree = "<group>"; };
		466D919A25D6E96D00BD95AE /* sdl2.cpp */ = {isa = PBXFileReference; fileEncoding = 4; lastKnownFileType = sourcecode.cpp.cpp; name = sdl2.cpp; path = ../../../src/host/sdl2.cpp; sourceTree = "<group>"; };
		466D919B25D6E96D00BD95AE /* sdl2.hpp */ = {isa = PBXFileReference; fileEncoding = 4; lastKnownFileType = sourcecode.cpp.h; name = sdl2.hpp; path = ../../../src/host/sdl2.hpp; sourceTree = "<group>"; };
		4691C77123D7B23A00E9E78D /* E64-II.app */ = {isa = PBXFileReference; explicitFileType = wrapper.application; includeInIndex = 0; path = "E64-II.app"; sourceTree = BUILT_PRODUCTS_DIR; };
		4691C77823D7B23C00E9E78D /* Assets.xcassets */ = {isa = PBXFileReference; lastKnownFileType = folder.assetcatalog; path = Assets.xcassets; sourceTree = "<group>"; };
		4691C77B23D7B23C00E9E78D /* Preview Assets.xcassets */ = {isa = PBXFileReference; lastKnownFileType = folder.assetcatalog; path = "Preview Assets.xcassets"; sourceTree = "<group>"; };
		4691C78023D7B23C00E9E78D /* Info.plist */ = {isa = PBXFileReference; lastKnownFileType = text.plist.xml; path = Info.plist; sourceTree = "<group>"; };
		4691C78123D7B23C00E9E78D /* E64_II.entitlements */ = {isa = PBXFileReference; lastKnownFileType = text.plist.entitlements; path = E64_II.entitlements; sourceTree = "<group>"; };
		4691C78723D7B28600E9E78D /* main.cpp */ = {isa = PBXFileReference; fileEncoding = 4; lastKnownFileType = sourcecode.cpp.cpp; name = main.cpp; path = ../../../src/main.cpp; sourceTree = "<group>"; };
		4691C7A523D7B3B600E9E78D /* SDL2.framework */ = {isa = PBXFileReference; lastKnownFileType = wrapper.framework; name = SDL2.framework; path = ../../../../../../Library/Frameworks/SDL2.framework; sourceTree = "<group>"; };
		4691C7AF23D7B40600E9E78D /* common.hpp */ = {isa = PBXFileReference; fileEncoding = 4; lastKnownFileType = sourcecode.cpp.h; name = common.hpp; path = ../../../src/common.hpp; sourceTree = "<group>"; };
		4691C81323D7B80B00E9E78D /* log.txt */ = {isa = PBXFileReference; fileEncoding = 4; lastKnownFileType = text; name = log.txt; path = ../../../log.txt; sourceTree = "<group>"; };
		46B3D15125E406310048C6A3 /* monitor.hpp */ = {isa = PBXFileReference; fileEncoding = 4; lastKnownFileType = sourcecode.cpp.h; name = monitor.hpp; path = ../../../src/monitor/monitor.hpp; sourceTree = "<group>"; };
		46B3D15225E406310048C6A3 /* monitor.cpp */ = {isa = PBXFileReference; fileEncoding = 4; lastKnownFileType = sourcecode.cpp.cpp; name = monitor.cpp; path = ../../../src/monitor/monitor.cpp; sourceTree = "<group>"; };
		46C9CE3525D6CFF000AC9626 /* host.cpp */ = {isa = PBXFileReference; fileEncoding = 4; lastKnownFileType = sourcecode.cpp.cpp; name = host.cpp; path = ../../../src/host/host.cpp; sourceTree = "<group>"; };
		46C9CE3725D6CFFE00AC9626 /* host.hpp */ = {isa = PBXFileReference; fileEncoding = 4; lastKnownFileType = sourcecode.cpp.h; name = host.hpp; path = ../../../src/host/host.hpp; sourceTree = "<group>"; };
		46C9CE3825D6E06100AC9626 /* video.cpp */ = {isa = PBXFileReference; fileEncoding = 4; lastKnownFileType = sourcecode.cpp.cpp; name = video.cpp; path = ../../../src/host/video.cpp; sourceTree = "<group>"; };
		46C9CE3925D6E06100AC9626 /* video.hpp */ = {isa = PBXFileReference; fileEncoding = 4; lastKnownFileType = sourcecode.cpp.h; name = video.hpp; path = ../../../src/host/video.hpp; sourceTree = "<group>"; };
		46C9CE3B25D6E22600AC9626 /* settings.cpp */ = {isa = PBXFileReference; fileEncoding = 4; lastKnownFileType = sourcecode.cpp.cpp; name = settings.cpp; path = ../../../src/host/settings.cpp; sourceTree = "<group>"; };
		46C9CE3C25D6E22600AC9626 /* settings.hpp */ = {isa = PBXFileReference; fileEncoding = 4; lastKnownFileType = sourcecode.cpp.h; name = settings.hpp; path = ../../../src/host/settings.hpp; sourceTree = "<group>"; };
		46D318472528BC3900E08C23 /* status_bar.cpp */ = {isa = PBXFileReference; fileEncoding = 4; lastKnownFileType = sourcecode.cpp.cpp; name = status_bar.cpp; path = ../../../src/monitor/status_bar.cpp; sourceTree = "<group>"; };
		46D318482528BC3900E08C23 /* screen.hpp */ = {isa = PBXFileReference; fileEncoding = 4; lastKnownFileType = sourcecode.cpp.h; name = screen.hpp; path = ../../../src/monitor/screen.hpp; sourceTree = "<group>"; };
		46D318492528BC3900E08C23 /* command.cpp */ = {isa = PBXFileReference; fileEncoding = 4; lastKnownFileType = sourcecode.cpp.cpp; name = command.cpp; path = ../../../src/monitor/command.cpp; sourceTree = "<group>"; };
		46D3184A2528BC3900E08C23 /* status_bar.hpp */ = {isa = PBXFileReference; fileEncoding = 4; lastKnownFileType = sourcecode.cpp.h; name = status_bar.hpp; path = ../../../src/monitor/status_bar.hpp; sourceTree = "<group>"; };
		46D3184B2528BC3900E08C23 /* tty.cpp */ = {isa = PBXFileReference; fileEncoding = 4; lastKnownFileType = sourcecode.cpp.cpp; name = tty.cpp; path = ../../../src/monitor/tty.cpp; sourceTree = "<group>"; };
		46D3184C2528BC3900E08C23 /* command.hpp */ = {isa = PBXFileReference; fileEncoding = 4; lastKnownFileType = sourcecode.cpp.h; name = command.hpp; path = ../../../src/monitor/command.hpp; sourceTree = "<group>"; };
		46D3184D2528BC3900E08C23 /* screen.cpp */ = {isa = PBXFileReference; fileEncoding = 4; lastKnownFileType = sourcecode.cpp.cpp; name = screen.cpp; path = ../../../src/monitor/screen.cpp; sourceTree = "<group>"; };
		46D3184E2528BC3900E08C23 /* tty.hpp */ = {isa = PBXFileReference; fileEncoding = 4; lastKnownFileType = sourcecode.cpp.h; name = tty.hpp; path = ../../../src/monitor/tty.hpp; sourceTree = "<group>"; };
		46EE698225E29D3C005C69F2 /* machine.cpp */ = {isa = PBXFileReference; fileEncoding = 4; lastKnownFileType = sourcecode.cpp.cpp; name = machine.cpp; path = ../../../src/machine/machine.cpp; sourceTree = "<group>"; };
		46EE698325E29D3C005C69F2 /* machine.hpp */ = {isa = PBXFileReference; fileEncoding = 4; lastKnownFileType = sourcecode.cpp.h; name = machine.hpp; path = ../../../src/machine/machine.hpp; sourceTree = "<group>"; };
		46EE698B25E29DE5005C69F2 /* fd_sounds.cpp */ = {isa = PBXFileReference; fileEncoding = 4; lastKnownFileType = sourcecode.cpp.cpp; name = fd_sounds.cpp; path = ../../../src/machine/fd/fd_sounds.cpp; sourceTree = "<group>"; };
		46EE698C25E29DE5005C69F2 /* fd.cpp */ = {isa = PBXFileReference; fileEncoding = 4; lastKnownFileType = sourcecode.cpp.cpp; name = fd.cpp; path = ../../../src/machine/fd/fd.cpp; sourceTree = "<group>"; };
		46EE698D25E29DE5005C69F2 /* fd.hpp */ = {isa = PBXFileReference; fileEncoding = 4; lastKnownFileType = sourcecode.cpp.h; name = fd.hpp; path = ../../../src/machine/fd/fd.hpp; sourceTree = "<group>"; };
		46EE699025E2EE6B005C69F2 /* frequency_divider.hpp */ = {isa = PBXFileReference; fileEncoding = 4; lastKnownFileType = sourcecode.cpp.h; name = frequency_divider.hpp; path = ../../../src/machine/frequency_divider.hpp; sourceTree = "<group>"; };
		46EE699225E2EED2005C69F2 /* cia.cpp */ = {isa = PBXFileReference; fileEncoding = 4; lastKnownFileType = sourcecode.cpp.cpp; name = cia.cpp; path = ../../../src/machine/cia/cia.cpp; sourceTree = "<group>"; };
		46EE699325E2EED2005C69F2 /* cia.hpp */ = {isa = PBXFileReference; fileEncoding = 4; lastKnownFileType = sourcecode.cpp.h; name = cia.hpp; path = ../../../src/machine/cia/cia.hpp; sourceTree = "<group>"; };
		46EE699725E2F017005C69F2 /* MoiraTypes.h */ = {isa = PBXFileReference; fileEncoding = 4; lastKnownFileType = sourcecode.c.h; name = MoiraTypes.h; path = ../../../src/machine/cpu/Moira/MoiraTypes.h; sourceTree = "<group>"; };
		46EE699825E2F017005C69F2 /* MoiraDebugger.h */ = {isa = PBXFileReference; fileEncoding = 4; lastKnownFileType = sourcecode.c.h; name = MoiraDebugger.h; path = ../../../src/machine/cpu/Moira/MoiraDebugger.h; sourceTree = "<group>"; };
		46EE699925E2F017005C69F2 /* StrWriter_cpp.h */ = {isa = PBXFileReference; fileEncoding = 4; lastKnownFileType = sourcecode.c.h; name = StrWriter_cpp.h; path = ../../../src/machine/cpu/Moira/StrWriter_cpp.h; sourceTree = "<group>"; };
		46EE699A25E2F017005C69F2 /* Moira.h */ = {isa = PBXFileReference; fileEncoding = 4; lastKnownFileType = sourcecode.c.h; name = Moira.h; path = ../../../src/machine/cpu/Moira/Moira.h; sourceTree = "<group>"; };
		46EE699B25E2F017005C69F2 /* MoiraALU_cpp.h */ = {isa = PBXFileReference; fileEncoding = 4; lastKnownFileType = sourcecode.c.h; name = MoiraALU_cpp.h; path = ../../../src/machine/cpu/Moira/MoiraALU_cpp.h; sourceTree = "<group>"; };
		46EE699C25E2F017005C69F2 /* MoiraALU.h */ = {isa = PBXFileReference; fileEncoding = 4; lastKnownFileType = sourcecode.c.h; name = MoiraALU.h; path = ../../../src/machine/cpu/Moira/MoiraALU.h; sourceTree = "<group>"; };
		46EE699D25E2F017005C69F2 /* MoiraExec_cpp.h */ = {isa = PBXFileReference; fileEncoding = 4; lastKnownFileType = sourcecode.c.h; name = MoiraExec_cpp.h; path = ../../../src/machine/cpu/Moira/MoiraExec_cpp.h; sourceTree = "<group>"; };
		46EE699E25E2F018005C69F2 /* Moira.cpp */ = {isa = PBXFileReference; fileEncoding = 4; lastKnownFileType = sourcecode.cpp.cpp; name = Moira.cpp; path = ../../../src/machine/cpu/Moira/Moira.cpp; sourceTree = "<group>"; };
		46EE699F25E2F018005C69F2 /* MoiraDasm.h */ = {isa = PBXFileReference; fileEncoding = 4; lastKnownFileType = sourcecode.c.h; name = MoiraDasm.h; path = ../../../src/machine/cpu/Moira/MoiraDasm.h; sourceTree = "<group>"; };
		46EE69A025E2F018005C69F2 /* MoiraExceptions.h */ = {isa = PBXFileReference; fileEncoding = 4; lastKnownFileType = sourcecode.c.h; name = MoiraExceptions.h; path = ../../../src/machine/cpu/Moira/MoiraExceptions.h; sourceTree = "<group>"; };
		46EE69A125E2F018005C69F2 /* MoiraExec.h */ = {isa = PBXFileReference; fileEncoding = 4; lastKnownFileType = sourcecode.c.h; name = MoiraExec.h; path = ../../../src/machine/cpu/Moira/MoiraExec.h; sourceTree = "<group>"; };
		46EE69A225E2F018005C69F2 /* StrWriter.h */ = {isa = PBXFileReference; fileEncoding = 4; lastKnownFileType = sourcecode.c.h; name = StrWriter.h; path = ../../../src/machine/cpu/Moira/StrWriter.h; sourceTree = "<group>"; };
		46EE69A325E2F018005C69F2 /* MoiraDebugger.cpp */ = {isa = PBXFileReference; fileEncoding = 4; lastKnownFileType = sourcecode.cpp.cpp; name = MoiraDebugger.cpp; path = ../../../src/machine/cpu/Moira/MoiraDebugger.cpp; sourceTree = "<group>"; };
		46EE69A425E2F018005C69F2 /* MoiraInit.h */ = {isa = PBXFileReference; fileEncoding = 4; lastKnownFileType = sourcecode.c.h; name = MoiraInit.h; path = ../../../src/machine/cpu/Moira/MoiraInit.h; sourceTree = "<group>"; };
		46EE69A525E2F018005C69F2 /* MoiraDasm_cpp.h */ = {isa = PBXFileReference; fileEncoding = 4; lastKnownFileType = sourcecode.c.h; name = MoiraDasm_cpp.h; path = ../../../src/machine/cpu/Moira/MoiraDasm_cpp.h; sourceTree = "<group>"; };
		46EE69A625E2F018005C69F2 /* MoiraDataflow_cpp.h */ = {isa = PBXFileReference; fileEncoding = 4; lastKnownFileType = sourcecode.c.h; name = MoiraDataflow_cpp.h; path = ../../../src/machine/cpu/Moira/MoiraDataflow_cpp.h; sourceTree = "<group>"; };
		46EE69A725E2F018005C69F2 /* MoiraExceptions_cpp.h */ = {isa = PBXFileReference; fileEncoding = 4; lastKnownFileType = sourcecode.c.h; name = MoiraExceptions_cpp.h; path = ../../../src/machine/cpu/Moira/MoiraExceptions_cpp.h; sourceTree = "<group>"; };
		46EE69A825E2F018005C69F2 /* MoiraDataflow.h */ = {isa = PBXFileReference; fileEncoding = 4; lastKnownFileType = sourcecode.c.h; name = MoiraDataflow.h; path = ../../../src/machine/cpu/Moira/MoiraDataflow.h; sourceTree = "<group>"; };
		46EE69A925E2F018005C69F2 /* MoiraConfig.h */ = {isa = PBXFileReference; fileEncoding = 4; lastKnownFileType = sourcecode.c.h; name = MoiraConfig.h; path = ../../../src/machine/cpu/Moira/MoiraConfig.h; sourceTree = "<group>"; };
		46EE69AA25E2F018005C69F2 /* MoiraInit_cpp.h */ = {isa = PBXFileReference; fileEncoding = 4; lastKnownFileType = sourcecode.c.h; name = MoiraInit_cpp.h; path = ../../../src/machine/cpu/Moira/MoiraInit_cpp.h; sourceTree = "<group>"; };
		46EE69AD25E2F02B005C69F2 /* cpu_moira.hpp */ = {isa = PBXFileReference; fileEncoding = 4; lastKnownFileType = sourcecode.cpp.h; name = cpu_moira.hpp; path = ../../../src/machine/cpu/cpu_moira.hpp; sourceTree = "<group>"; };
		46EE69AE25E2F02B005C69F2 /* cpu_moira.cpp */ = {isa = PBXFileReference; fileEncoding = 4; lastKnownFileType = sourcecode.cpp.cpp; name = cpu_moira.cpp; path = ../../../src/machine/cpu/cpu_moira.cpp; sourceTree = "<group>"; };
		46EE69B125E2F16E005C69F2 /* mmu.cpp */ = {isa = PBXFileReference; fileEncoding = 4; lastKnownFileType = sourcecode.cpp.cpp; name = mmu.cpp; path = ../../../src/machine/mmu/mmu.cpp; sourceTree = "<group>"; };
		46EE69B225E2F16E005C69F2 /* mmu.hpp */ = {isa = PBXFileReference; fileEncoding = 4; lastKnownFileType = sourcecode.cpp.h; name = mmu.hpp; path = ../../../src/machine/mmu/mmu.hpp; sourceTree = "<group>"; };
		46EE69B625E2F1F2005C69F2 /* sids.hpp */ = {isa = PBXFileReference; fileEncoding = 4; lastKnownFileType = sourcecode.cpp.h; name = sids.hpp; path = ../../../src/machine/sids/sids.hpp; sourceTree = "<group>"; };
		46EE69B725E2F1F2005C69F2 /* sids.cpp */ = {isa = PBXFileReference; fileEncoding = 4; lastKnownFileType = sourcecode.cpp.cpp; name = sids.cpp; path = ../../../src/machine/sids/sids.cpp; sourceTree = "<group>"; };
		46EE69B925E2F22C005C69F2 /* wave6581_PST.cc */ = {isa = PBXFileReference; fileEncoding = 4; lastKnownFileType = sourcecode.cpp.cpp; name = wave6581_PST.cc; path = "../../../src/machine/sids/resid-0.16/wave6581_PST.cc"; sourceTree = "<group>"; };
		46EE69BA25E2F22C005C69F2 /* extfilt.h */ = {isa = PBXFileReference; fileEncoding = 4; lastKnownFileType = sourcecode.c.h; name = extfilt.h; path = "../../../src/machine/sids/resid-0.16/extfilt.h"; sourceTree = "<group>"; };
		46EE69BB25E2F22C005C69F2 /* envelope.h */ = {isa = PBXFileReference; fileEncoding = 4; lastKnownFileType = sourcecode.c.h; name = envelope.h; path = "../../../src/machine/sids/resid-0.16/envelope.h"; sourceTree = "<group>"; };
		46EE69BC25E2F22C005C69F2 /* pot.h */ = {isa = PBXFileReference; fileEncoding = 4; lastKnownFileType = sourcecode.c.h; name = pot.h; path = "../../../src/machine/sids/resid-0.16/pot.h"; sourceTree = "<group>"; };
		46EE69BD25E2F22C005C69F2 /* wave6581_P_T.cc */ = {isa = PBXFileReference; fileEncoding = 4; lastKnownFileType = sourcecode.cpp.cpp; name = wave6581_P_T.cc; path = "../../../src/machine/sids/resid-0.16/wave6581_P_T.cc"; sourceTree = "<group>"; };
		46EE69BE25E2F22C005C69F2 /* voice.h */ = {isa = PBXFileReference; fileEncoding = 4; lastKnownFileType = sourcecode.c.h; name = voice.h; path = "../../../src/machine/sids/resid-0.16/voice.h"; sourceTree = "<group>"; };
		46EE69BF25E2F22C005C69F2 /* wave.cc */ = {isa = PBXFileReference; fileEncoding = 4; lastKnownFileType = sourcecode.cpp.cpp; name = wave.cc; path = "../../../src/machine/sids/resid-0.16/wave.cc"; sourceTree = "<group>"; };
		46EE69C025E2F22C005C69F2 /* filter.h */ = {isa = PBXFileReference; fileEncoding = 4; lastKnownFileType = sourcecode.c.h; name = filter.h; path = "../../../src/machine/sids/resid-0.16/filter.h"; sourceTree = "<group>"; };
		46EE69C125E2F22C005C69F2 /* wave8580_P_T.cc */ = {isa = PBXFileReference; fileEncoding = 4; lastKnownFileType = sourcecode.cpp.cpp; name = wave8580_P_T.cc; path = "../../../src/machine/sids/resid-0.16/wave8580_P_T.cc"; sourceTree = "<group>"; };
		46EE69C225E2F22C005C69F2 /* wave.h */ = {isa = PBXFileReference; fileEncoding = 4; lastKnownFileType = sourcecode.c.h; name = wave.h; path = "../../../src/machine/sids/resid-0.16/wave.h"; sourceTree = "<group>"; };
		46EE69C325E2F22C005C69F2 /* wave8580_PST.cc */ = {isa = PBXFileReference; fileEncoding = 4; lastKnownFileType = sourcecode.cpp.cpp; name = wave8580_PST.cc; path = "../../../src/machine/sids/resid-0.16/wave8580_PST.cc"; sourceTree = "<group>"; };
		46EE69C425E2F22C005C69F2 /* wave6581__ST.cc */ = {isa = PBXFileReference; fileEncoding = 4; lastKnownFileType = sourcecode.cpp.cpp; name = wave6581__ST.cc; path = "../../../src/machine/sids/resid-0.16/wave6581__ST.cc"; sourceTree = "<group>"; };
		46EE69C525E2F22C005C69F2 /* envelope.cc */ = {isa = PBXFileReference; fileEncoding = 4; lastKnownFileType = sourcecode.cpp.cpp; name = envelope.cc; path = "../../../src/machine/sids/resid-0.16/envelope.cc"; sourceTree = "<group>"; };
		46EE69C625E2F22C005C69F2 /* extfilt.cc */ = {isa = PBXFileReference; fileEncoding = 4; lastKnownFileType = sourcecode.cpp.cpp; name = extfilt.cc; path = "../../../src/machine/sids/resid-0.16/extfilt.cc"; sourceTree = "<group>"; };
		46EE69C725E2F22C005C69F2 /* sid.h */ = {isa = PBXFileReference; fileEncoding = 4; lastKnownFileType = sourcecode.c.h; name = sid.h; path = "../../../src/machine/sids/resid-0.16/sid.h"; sourceTree = "<group>"; };
		46EE69C825E2F22C005C69F2 /* voice.cc */ = {isa = PBXFileReference; fileEncoding = 4; lastKnownFileType = sourcecode.cpp.cpp; name = voice.cc; path = "../../../src/machine/sids/resid-0.16/voice.cc"; sourceTree = "<group>"; };
		46EE69C925E2F22C005C69F2 /* sid.cc */ = {isa = PBXFileReference; fileEncoding = 4; lastKnownFileType = sourcecode.cpp.cpp; name = sid.cc; path = "../../../src/machine/sids/resid-0.16/sid.cc"; sourceTree = "<group>"; };
		46EE69CA25E2F22C005C69F2 /* version.cc */ = {isa = PBXFileReference; fileEncoding = 4; lastKnownFileType = sourcecode.cpp.cpp; name = version.cc; path = "../../../src/machine/sids/resid-0.16/version.cc"; sourceTree = "<group>"; };
		46EE69CB25E2F22C005C69F2 /* pot.cc */ = {isa = PBXFileReference; fileEncoding = 4; lastKnownFileType = sourcecode.cpp.cpp; name = pot.cc; path = "../../../src/machine/sids/resid-0.16/pot.cc"; sourceTree = "<group>"; };
		46EE69CC25E2F22C005C69F2 /* wave6581_PS_.cc */ = {isa = PBXFileReference; fileEncoding = 4; lastKnownFileType = sourcecode.cpp.cpp; name = wave6581_PS_.cc; path = "../../../src/machine/sids/resid-0.16/wave6581_PS_.cc"; sourceTree = "<group>"; };
		46EE69CD25E2F22C005C69F2 /* spline.h */ = {isa = PBXFileReference; fileEncoding = 4; lastKnownFileType = sourcecode.c.h; name = spline.h; path = "../../../src/machine/sids/resid-0.16/spline.h"; sourceTree = "<group>"; };
		46EE69CE25E2F22C005C69F2 /* wave8580__ST.cc */ = {isa = PBXFileReference; fileEncoding = 4; lastKnownFileType = sourcecode.cpp.cpp; name = wave8580__ST.cc; path = "../../../src/machine/sids/resid-0.16/wave8580__ST.cc"; sourceTree = "<group>"; };
		46EE69CF25E2F22D005C69F2 /* siddefs.h */ = {isa = PBXFileReference; fileEncoding = 4; lastKnownFileType = sourcecode.c.h; name = siddefs.h; path = "../../../src/machine/sids/resid-0.16/siddefs.h"; sourceTree = "<group>"; };
		46EE69D025E2F22D005C69F2 /* wave8580_PS_.cc */ = {isa = PBXFileReference; fileEncoding = 4; lastKnownFileType = sourcecode.cpp.cpp; name = wave8580_PS_.cc; path = "../../../src/machine/sids/resid-0.16/wave8580_PS_.cc"; sourceTree = "<group>"; };
		46EE69D125E2F22D005C69F2 /* filter.cc */ = {isa = PBXFileReference; fileEncoding = 4; lastKnownFileType = sourcecode.cpp.cpp; name = filter.cc; path = "../../../src/machine/sids/resid-0.16/filter.cc"; sourceTree = "<group>"; };
		46EE69E325E2F295005C69F2 /* blitter.hpp */ = {isa = PBXFileReference; fileEncoding = 4; lastKnownFileType = sourcecode.cpp.h; name = blitter.hpp; path = ../../../src/machine/vicv/blitter.hpp; sourceTree = "<group>"; };
		46EE69E425E2F295005C69F2 /* blitter.cpp */ = {isa = PBXFileReference; fileEncoding = 4; lastKnownFileType = sourcecode.cpp.cpp; name = blitter.cpp; path = ../../../src/machine/vicv/blitter.cpp; sourceTree = "<group>"; };
		46EE69E525E2F295005C69F2 /* vicv.cpp */ = {isa = PBXFileReference; fileEncoding = 4; lastKnownFileType = sourcecode.cpp.cpp; name = vicv.cpp; path = ../../../src/machine/vicv/vicv.cpp; sourceTree = "<group>"; };
		46EE69E625E2F295005C69F2 /* vicv.hpp */ = {isa = PBXFileReference; fileEncoding = 4; lastKnownFileType = sourcecode.cpp.h; name = vicv.hpp; path = ../../../src/machine/vicv/vicv.hpp; sourceTree = "<group>"; };
		46EE69EA25E2F300005C69F2 /* timer.cpp */ = {isa = PBXFileReference; fileEncoding = 4; lastKnownFileType = sourcecode.cpp.cpp; name = timer.cpp; path = ../../../src/machine/timer/timer.cpp; sourceTree = "<group>"; };
		46EE69EB25E2F300005C69F2 /* timer.hpp */ = {isa = PBXFileReference; fileEncoding = 4; lastKnownFileType = sourcecode.cpp.h; name = timer.hpp; path = ../../../src/machine/timer/timer.hpp; sourceTree = "<group>"; };
		46EE69EE25E2F36D005C69F2 /* TTL74LS148.cpp */ = {isa = PBXFileReference; fileEncoding = 4; lastKnownFileType = sourcecode.cpp.cpp; name = TTL74LS148.cpp; path = ../../../src/machine/TTL74LS148/TTL74LS148.cpp; sourceTree = "<group>"; };
		46EE69EF25E2F36D005C69F2 /* TTL74LS148.hpp */ = {isa = PBXFileReference; fileEncoding = 4; lastKnownFileType = sourcecode.cpp.h; name = TTL74LS148.hpp; path = ../../../src/machine/TTL74LS148/TTL74LS148.hpp; sourceTree = "<group>"; };
		46EE69F125E2F40E005C69F2 /* stats.hpp */ = {isa = PBXFileReference; fileEncoding = 4; lastKnownFileType = sourcecode.cpp.h; name = stats.hpp; path = ../../../src/host/stats.hpp; sourceTree = "<group>"; };
		46EE69F225E2F40E005C69F2 /* stats.cpp */ = {isa = PBXFileReference; fileEncoding = 4; lastKnownFileType = sourcecode.cpp.cpp; name = stats.cpp; path = ../../../src/host/stats.cpp; sourceTree = "<group>"; };
/* End PBXFileReference section */

/* Begin PBXFrameworksBuildPhase section */
		4691C76E23D7B23A00E9E78D /* Frameworks */ = {
			isa = PBXFrameworksBuildPhase;
			buildActionMask = 2147483647;
			files = (
				4691C7A623D7B3B600E9E78D /* SDL2.framework in Frameworks */,
			);
			runOnlyForDeploymentPostprocessing = 0;
		};
/* End PBXFrameworksBuildPhase section */

/* Begin PBXGroup section */
		461CAD9C24AE765A001A3313 /* rom */ = {
			isa = PBXGroup;
			children = (
				466BF38725E2FE9A00D6401A /* rom.hpp */,
				466BF38925E2FE9A00D6401A /* kernel.cpp */,
				466BF38825E2FE9A00D6401A /* cbm_cp437_font.cpp */,
			);
			name = rom;
			sourceTree = "<group>";
		};
		4691C76823D7B23A00E9E78D = {
			isa = PBXGroup;
			children = (
				4691C77323D7B23A00E9E78D /* E64-II */,
				4691C77223D7B23A00E9E78D /* Products */,
				4691C7A423D7B3B600E9E78D /* Frameworks */,
			);
			sourceTree = "<group>";
		};
		4691C77223D7B23A00E9E78D /* Products */ = {
			isa = PBXGroup;
			children = (
				4691C77123D7B23A00E9E78D /* E64-II.app */,
			);
			name = Products;
			sourceTree = "<group>";
		};
		4691C77323D7B23A00E9E78D /* E64-II */ = {
			isa = PBXGroup;
			children = (
				46C9CE3425D6CFBC00AC9626 /* host */,
				46EE698125E29D13005C69F2 /* machine */,
				4691C79723D7B35500E9E78D /* monitor */,
				461CAD9C24AE765A001A3313 /* rom */,
				4691C78723D7B28600E9E78D /* main.cpp */,
				4691C7AF23D7B40600E9E78D /* common.hpp */,
				4691C77823D7B23C00E9E78D /* Assets.xcassets */,
				4691C78023D7B23C00E9E78D /* Info.plist */,
				4691C81323D7B80B00E9E78D /* log.txt */,
				4691C78123D7B23C00E9E78D /* E64_II.entitlements */,
				4691C77A23D7B23C00E9E78D /* Preview Content */,
			);
			path = "E64-II";
			sourceTree = "<group>";
		};
		4691C77A23D7B23C00E9E78D /* Preview Content */ = {
			isa = PBXGroup;
			children = (
				4691C77B23D7B23C00E9E78D /* Preview Assets.xcassets */,
			);
			path = "Preview Content";
			sourceTree = "<group>";
		};
		4691C79723D7B35500E9E78D /* monitor */ = {
			isa = PBXGroup;
			children = (
				46B3D15125E406310048C6A3 /* monitor.hpp */,
				46B3D15225E406310048C6A3 /* monitor.cpp */,
				46D318482528BC3900E08C23 /* screen.hpp */,
				46D3184D2528BC3900E08C23 /* screen.cpp */,
				46D3184E2528BC3900E08C23 /* tty.hpp */,
				46D3184B2528BC3900E08C23 /* tty.cpp */,
				46D3184C2528BC3900E08C23 /* command.hpp */,
				46D318492528BC3900E08C23 /* command.cpp */,
				46D3184A2528BC3900E08C23 /* status_bar.hpp */,
				46D318472528BC3900E08C23 /* status_bar.cpp */,
			);
			name = monitor;
			sourceTree = "<group>";
		};
		4691C7A423D7B3B600E9E78D /* Frameworks */ = {
			isa = PBXGroup;
			children = (
				4691C7A523D7B3B600E9E78D /* SDL2.framework */,
			);
			name = Frameworks;
			sourceTree = "<group>";
		};
		46C9CE3425D6CFBC00AC9626 /* host */ = {
			isa = PBXGroup;
			children = (
				46C9CE3725D6CFFE00AC9626 /* host.hpp */,
				46C9CE3525D6CFF000AC9626 /* host.cpp */,
				46EE69F125E2F40E005C69F2 /* stats.hpp */,
				46EE69F225E2F40E005C69F2 /* stats.cpp */,
				466D919B25D6E96D00BD95AE /* sdl2.hpp */,
				466D919A25D6E96D00BD95AE /* sdl2.cpp */,
				46C9CE3C25D6E22600AC9626 /* settings.hpp */,
				46C9CE3B25D6E22600AC9626 /* settings.cpp */,
				46C9CE3925D6E06100AC9626 /* video.hpp */,
				46C9CE3825D6E06100AC9626 /* video.cpp */,
			);
			name = host;
			sourceTree = "<group>";
		};
		46EE698125E29D13005C69F2 /* machine */ = {
			isa = PBXGroup;
			children = (
				46EE699125E2EEBD005C69F2 /* cia */,
				46EE699525E2EF9B005C69F2 /* cpu */,
				46EE698525E29D50005C69F2 /* fd */,
				46EE69B025E2F10B005C69F2 /* mmu */,
				46EE69B425E2F19F005C69F2 /* sids */,
				46EE69E925E2F2D7005C69F2 /* timer */,
				46EE69ED25E2F323005C69F2 /* TTL74LS148 */,
				46EE69E225E2F266005C69F2 /* vicv */,
				46EE698325E29D3C005C69F2 /* machine.hpp */,
				46EE698225E29D3C005C69F2 /* machine.cpp */,
				46EE699025E2EE6B005C69F2 /* frequency_divider.hpp */,
			);
			name = machine;
			sourceTree = "<group>";
		};
		46EE698525E29D50005C69F2 /* fd */ = {
			isa = PBXGroup;
			children = (
				46EE698D25E29DE5005C69F2 /* fd.hpp */,
				46EE698C25E29DE5005C69F2 /* fd.cpp */,
				46EE698B25E29DE5005C69F2 /* fd_sounds.cpp */,
			);
			name = fd;
			sourceTree = "<group>";
		};
		46EE699125E2EEBD005C69F2 /* cia */ = {
			isa = PBXGroup;
			children = (
				46EE699325E2EED2005C69F2 /* cia.hpp */,
				46EE699225E2EED2005C69F2 /* cia.cpp */,
			);
			name = cia;
			sourceTree = "<group>";
		};
		46EE699525E2EF9B005C69F2 /* cpu */ = {
			isa = PBXGroup;
			children = (
				46EE699625E2EFA1005C69F2 /* Moira */,
				46EE69AD25E2F02B005C69F2 /* cpu_moira.hpp */,
				46EE69AE25E2F02B005C69F2 /* cpu_moira.cpp */,
			);
			name = cpu;
			sourceTree = "<group>";
		};
		46EE699625E2EFA1005C69F2 /* Moira */ = {
			isa = PBXGroup;
			children = (
				46EE699E25E2F018005C69F2 /* Moira.cpp */,
				46EE699A25E2F017005C69F2 /* Moira.h */,
				46EE699B25E2F017005C69F2 /* MoiraALU_cpp.h */,
				46EE699C25E2F017005C69F2 /* MoiraALU.h */,
				46EE69A925E2F018005C69F2 /* MoiraConfig.h */,
				46EE69A525E2F018005C69F2 /* MoiraDasm_cpp.h */,
				46EE699F25E2F018005C69F2 /* MoiraDasm.h */,
				46EE69A625E2F018005C69F2 /* MoiraDataflow_cpp.h */,
				46EE69A825E2F018005C69F2 /* MoiraDataflow.h */,
				46EE69A325E2F018005C69F2 /* MoiraDebugger.cpp */,
				46EE699825E2F017005C69F2 /* MoiraDebugger.h */,
				46EE69A725E2F018005C69F2 /* MoiraExceptions_cpp.h */,
				46EE69A025E2F018005C69F2 /* MoiraExceptions.h */,
				46EE699D25E2F017005C69F2 /* MoiraExec_cpp.h */,
				46EE69A125E2F018005C69F2 /* MoiraExec.h */,
				46EE69AA25E2F018005C69F2 /* MoiraInit_cpp.h */,
				46EE69A425E2F018005C69F2 /* MoiraInit.h */,
				46EE699725E2F017005C69F2 /* MoiraTypes.h */,
				46EE699925E2F017005C69F2 /* StrWriter_cpp.h */,
				46EE69A225E2F018005C69F2 /* StrWriter.h */,
			);
			name = Moira;
			sourceTree = "<group>";
		};
		46EE69B025E2F10B005C69F2 /* mmu */ = {
			isa = PBXGroup;
			children = (
				46EE69B225E2F16E005C69F2 /* mmu.hpp */,
				46EE69B125E2F16E005C69F2 /* mmu.cpp */,
			);
			name = mmu;
			sourceTree = "<group>";
		};
		46EE69B425E2F19F005C69F2 /* sids */ = {
			isa = PBXGroup;
			children = (
				46EE69B525E2F1A5005C69F2 /* resid */,
				46EE69B625E2F1F2005C69F2 /* sids.hpp */,
				46EE69B725E2F1F2005C69F2 /* sids.cpp */,
			);
			name = sids;
			sourceTree = "<group>";
		};
		46EE69B525E2F1A5005C69F2 /* resid */ = {
			isa = PBXGroup;
			children = (
				46EE69C525E2F22C005C69F2 /* envelope.cc */,
				46EE69BB25E2F22C005C69F2 /* envelope.h */,
				46EE69C625E2F22C005C69F2 /* extfilt.cc */,
				46EE69BA25E2F22C005C69F2 /* extfilt.h */,
				46EE69D125E2F22D005C69F2 /* filter.cc */,
				46EE69C025E2F22C005C69F2 /* filter.h */,
				46EE69CB25E2F22C005C69F2 /* pot.cc */,
				46EE69BC25E2F22C005C69F2 /* pot.h */,
				46EE69C925E2F22C005C69F2 /* sid.cc */,
				46EE69C725E2F22C005C69F2 /* sid.h */,
				46EE69CF25E2F22D005C69F2 /* siddefs.h */,
				46EE69CD25E2F22C005C69F2 /* spline.h */,
				46EE69CA25E2F22C005C69F2 /* version.cc */,
				46EE69C825E2F22C005C69F2 /* voice.cc */,
				46EE69BE25E2F22C005C69F2 /* voice.h */,
				46EE69BF25E2F22C005C69F2 /* wave.cc */,
				46EE69C225E2F22C005C69F2 /* wave.h */,
				46EE69C425E2F22C005C69F2 /* wave6581__ST.cc */,
				46EE69BD25E2F22C005C69F2 /* wave6581_P_T.cc */,
				46EE69CC25E2F22C005C69F2 /* wave6581_PS_.cc */,
				46EE69B925E2F22C005C69F2 /* wave6581_PST.cc */,
				46EE69CE25E2F22C005C69F2 /* wave8580__ST.cc */,
				46EE69C125E2F22C005C69F2 /* wave8580_P_T.cc */,
				46EE69D025E2F22D005C69F2 /* wave8580_PS_.cc */,
				46EE69C325E2F22C005C69F2 /* wave8580_PST.cc */,
			);
			name = resid;
			sourceTree = "<group>";
		};
		46EE69E225E2F266005C69F2 /* vicv */ = {
			isa = PBXGroup;
			children = (
				46EE69E625E2F295005C69F2 /* vicv.hpp */,
				46EE69E525E2F295005C69F2 /* vicv.cpp */,
				46EE69E325E2F295005C69F2 /* blitter.hpp */,
				46EE69E425E2F295005C69F2 /* blitter.cpp */,
			);
			name = vicv;
			sourceTree = "<group>";
		};
		46EE69E925E2F2D7005C69F2 /* timer */ = {
			isa = PBXGroup;
			children = (
				46EE69EB25E2F300005C69F2 /* timer.hpp */,
				46EE69EA25E2F300005C69F2 /* timer.cpp */,
			);
			name = timer;
			sourceTree = "<group>";
		};
		46EE69ED25E2F323005C69F2 /* TTL74LS148 */ = {
			isa = PBXGroup;
			children = (
				46EE69EF25E2F36D005C69F2 /* TTL74LS148.hpp */,
				46EE69EE25E2F36D005C69F2 /* TTL74LS148.cpp */,
			);
			name = TTL74LS148;
			sourceTree = "<group>";
		};
/* End PBXGroup section */

/* Begin PBXNativeTarget section */
		4691C77023D7B23A00E9E78D /* E64-II */ = {
			isa = PBXNativeTarget;
			buildConfigurationList = 4691C78423D7B23C00E9E78D /* Build configuration list for PBXNativeTarget "E64-II" */;
			buildPhases = (
				4691C76D23D7B23A00E9E78D /* Sources */,
				4691C76E23D7B23A00E9E78D /* Frameworks */,
				4691C76F23D7B23A00E9E78D /* Resources */,
				4691C7A823D7B3B600E9E78D /* Embed Frameworks */,
			);
			buildRules = (
			);
			dependencies = (
			);
			name = "E64-II";
			productName = "E64-II";
			productReference = 4691C77123D7B23A00E9E78D /* E64-II.app */;
			productType = "com.apple.product-type.application";
		};
/* End PBXNativeTarget section */

/* Begin PBXProject section */
		4691C76923D7B23A00E9E78D /* Project object */ = {
			isa = PBXProject;
			attributes = {
				LastSwiftUpdateCheck = 1130;
				LastUpgradeCheck = 1200;
				ORGANIZATIONNAME = elmerucr;
				TargetAttributes = {
					4691C77023D7B23A00E9E78D = {
						CreatedOnToolsVersion = 11.3.1;
					};
				};
			};
			buildConfigurationList = 4691C76C23D7B23A00E9E78D /* Build configuration list for PBXProject "E64-II" */;
			compatibilityVersion = "Xcode 9.3";
			developmentRegion = en;
			hasScannedForEncodings = 0;
			knownRegions = (
				en,
				Base,
			);
			mainGroup = 4691C76823D7B23A00E9E78D;
			productRefGroup = 4691C77223D7B23A00E9E78D /* Products */;
			projectDirPath = "";
			projectRoot = "";
			targets = (
				4691C77023D7B23A00E9E78D /* E64-II */,
			);
		};
/* End PBXProject section */

/* Begin PBXResourcesBuildPhase section */
		4691C76F23D7B23A00E9E78D /* Resources */ = {
			isa = PBXResourcesBuildPhase;
			buildActionMask = 2147483647;
			files = (
				4691C81423D7B80B00E9E78D /* log.txt in Resources */,
				4691C77C23D7B23C00E9E78D /* Preview Assets.xcassets in Resources */,
				4691C77923D7B23C00E9E78D /* Assets.xcassets in Resources */,
			);
			runOnlyForDeploymentPostprocessing = 0;
		};
/* End PBXResourcesBuildPhase section */

/* Begin PBXSourcesBuildPhase section */
		4691C76D23D7B23A00E9E78D /* Sources */ = {
			isa = PBXSourcesBuildPhase;
			buildActionMask = 2147483647;
			files = (
				46C9CE3D25D6E22600AC9626 /* settings.cpp in Sources */,
				4691C78823D7B28600E9E78D /* main.cpp in Sources */,
				46EE69DE25E2F22D005C69F2 /* wave6581_PS_.cc in Sources */,
				46D3184F2528BC3900E08C23 /* status_bar.cpp in Sources */,
				46EE69DA25E2F22D005C69F2 /* voice.cc in Sources */,
				46EE69D525E2F22D005C69F2 /* wave8580_P_T.cc in Sources */,
				46D318512528BC3900E08C23 /* tty.cpp in Sources */,
				46EE69D825E2F22D005C69F2 /* envelope.cc in Sources */,
				46EE69E125E2F22D005C69F2 /* filter.cc in Sources */,
				46EE69EC25E2F300005C69F2 /* timer.cpp in Sources */,
				46EE69E725E2F295005C69F2 /* blitter.cpp in Sources */,
				46EE69AC25E2F018005C69F2 /* MoiraDebugger.cpp in Sources */,
				46EE698425E29D3C005C69F2 /* machine.cpp in Sources */,
				46EE69DC25E2F22D005C69F2 /* version.cc in Sources */,
				46EE69D225E2F22D005C69F2 /* wave6581_PST.cc in Sources */,
				46EE69DF25E2F22D005C69F2 /* wave8580__ST.cc in Sources */,
				46EE69F325E2F40E005C69F2 /* stats.cpp in Sources */,
				46D318502528BC3900E08C23 /* command.cpp in Sources */,
				46B3D15325E406320048C6A3 /* monitor.cpp in Sources */,
				46EE69D425E2F22D005C69F2 /* wave.cc in Sources */,
				466D919C25D6E96D00BD95AE /* sdl2.cpp in Sources */,
				46EE698F25E29DE6005C69F2 /* fd.cpp in Sources */,
				46C9CE3625D6CFF000AC9626 /* host.cpp in Sources */,
				46C9CE3A25D6E06100AC9626 /* video.cpp in Sources */,
				46EE69AF25E2F02B005C69F2 /* cpu_moira.cpp in Sources */,
				46D318522528BC3900E08C23 /* screen.cpp in Sources */,
				46EE69F025E2F36E005C69F2 /* TTL74LS148.cpp in Sources */,
				46EE69E025E2F22D005C69F2 /* wave8580_PS_.cc in Sources */,
				46EE698E25E29DE6005C69F2 /* fd_sounds.cpp in Sources */,
				46EE69AB25E2F018005C69F2 /* Moira.cpp in Sources */,
				46EE69D625E2F22D005C69F2 /* wave8580_PST.cc in Sources */,
				46EE69D325E2F22D005C69F2 /* wave6581_P_T.cc in Sources */,
				46EE69DB25E2F22D005C69F2 /* sid.cc in Sources */,
				46EE69DD25E2F22D005C69F2 /* pot.cc in Sources */,
				466BF38B25E2FE9A00D6401A /* kernel.cpp in Sources */,
				46EE69E825E2F295005C69F2 /* vicv.cpp in Sources */,
				46EE69D725E2F22D005C69F2 /* wave6581__ST.cc in Sources */,
				46EE69B825E2F1F2005C69F2 /* sids.cpp in Sources */,
				46EE699425E2EED2005C69F2 /* cia.cpp in Sources */,
				466BF38A25E2FE9A00D6401A /* cbm_cp437_font.cpp in Sources */,
				46EE69D925E2F22D005C69F2 /* extfilt.cc in Sources */,
				46EE69B325E2F16E005C69F2 /* mmu.cpp in Sources */,
			);
			runOnlyForDeploymentPostprocessing = 0;
		};
/* End PBXSourcesBuildPhase section */

/* Begin XCBuildConfiguration section */
		4691C78223D7B23C00E9E78D /* Debug */ = {
			isa = XCBuildConfiguration;
			buildSettings = {
				ALWAYS_SEARCH_USER_PATHS = NO;
				CLANG_ANALYZER_NONNULL = YES;
				CLANG_ANALYZER_NUMBER_OBJECT_CONVERSION = YES_AGGRESSIVE;
				CLANG_CXX_LANGUAGE_STANDARD = "gnu++14";
				CLANG_CXX_LIBRARY = "libc++";
				CLANG_ENABLE_MODULES = YES;
				CLANG_ENABLE_OBJC_ARC = YES;
				CLANG_ENABLE_OBJC_WEAK = YES;
				CLANG_WARN_BLOCK_CAPTURE_AUTORELEASING = YES;
				CLANG_WARN_BOOL_CONVERSION = YES;
				CLANG_WARN_COMMA = YES;
				CLANG_WARN_CONSTANT_CONVERSION = YES;
				CLANG_WARN_DEPRECATED_OBJC_IMPLEMENTATIONS = YES;
				CLANG_WARN_DIRECT_OBJC_ISA_USAGE = YES_ERROR;
				CLANG_WARN_DOCUMENTATION_COMMENTS = YES;
				CLANG_WARN_EMPTY_BODY = YES;
				CLANG_WARN_ENUM_CONVERSION = YES;
				CLANG_WARN_INFINITE_RECURSION = YES;
				CLANG_WARN_INT_CONVERSION = YES;
				CLANG_WARN_NON_LITERAL_NULL_CONVERSION = YES;
				CLANG_WARN_OBJC_IMPLICIT_RETAIN_SELF = YES;
				CLANG_WARN_OBJC_LITERAL_CONVERSION = YES;
				CLANG_WARN_OBJC_ROOT_CLASS = YES_ERROR;
				CLANG_WARN_QUOTED_INCLUDE_IN_FRAMEWORK_HEADER = YES;
				CLANG_WARN_RANGE_LOOP_ANALYSIS = YES;
				CLANG_WARN_STRICT_PROTOTYPES = YES;
				CLANG_WARN_SUSPICIOUS_MOVE = YES;
				CLANG_WARN_UNGUARDED_AVAILABILITY = YES_AGGRESSIVE;
				CLANG_WARN_UNREACHABLE_CODE = YES;
				CLANG_WARN__DUPLICATE_METHOD_MATCH = YES;
				COPY_PHASE_STRIP = NO;
				DEBUG_INFORMATION_FORMAT = dwarf;
				ENABLE_STRICT_OBJC_MSGSEND = YES;
				ENABLE_TESTABILITY = YES;
				GCC_C_LANGUAGE_STANDARD = gnu11;
				GCC_DYNAMIC_NO_PIC = NO;
				GCC_NO_COMMON_BLOCKS = YES;
				GCC_OPTIMIZATION_LEVEL = 2;
				GCC_PREPROCESSOR_DEFINITIONS = (
					"DEBUG=1",
					"$(inherited)",
				);
				GCC_UNROLL_LOOPS = NO;
				GCC_WARN_64_TO_32_BIT_CONVERSION = YES;
				GCC_WARN_ABOUT_RETURN_TYPE = YES_ERROR;
				GCC_WARN_UNDECLARED_SELECTOR = YES;
				GCC_WARN_UNINITIALIZED_AUTOS = YES_AGGRESSIVE;
				GCC_WARN_UNUSED_FUNCTION = YES;
				GCC_WARN_UNUSED_VARIABLE = YES;
				MACOSX_DEPLOYMENT_TARGET = 10.15;
				MTL_ENABLE_DEBUG_INFO = INCLUDE_SOURCE;
				MTL_FAST_MATH = YES;
				ONLY_ACTIVE_ARCH = YES;
				SDKROOT = macosx;
				SWIFT_ACTIVE_COMPILATION_CONDITIONS = DEBUG;
				SWIFT_OPTIMIZATION_LEVEL = "-Onone";
			};
			name = Debug;
		};
		4691C78323D7B23C00E9E78D /* Release */ = {
			isa = XCBuildConfiguration;
			buildSettings = {
				ALWAYS_SEARCH_USER_PATHS = NO;
				CLANG_ANALYZER_NONNULL = YES;
				CLANG_ANALYZER_NUMBER_OBJECT_CONVERSION = YES_AGGRESSIVE;
				CLANG_CXX_LANGUAGE_STANDARD = "gnu++14";
				CLANG_CXX_LIBRARY = "libc++";
				CLANG_ENABLE_MODULES = YES;
				CLANG_ENABLE_OBJC_ARC = YES;
				CLANG_ENABLE_OBJC_WEAK = YES;
				CLANG_WARN_BLOCK_CAPTURE_AUTORELEASING = YES;
				CLANG_WARN_BOOL_CONVERSION = YES;
				CLANG_WARN_COMMA = YES;
				CLANG_WARN_CONSTANT_CONVERSION = YES;
				CLANG_WARN_DEPRECATED_OBJC_IMPLEMENTATIONS = YES;
				CLANG_WARN_DIRECT_OBJC_ISA_USAGE = YES_ERROR;
				CLANG_WARN_DOCUMENTATION_COMMENTS = YES;
				CLANG_WARN_EMPTY_BODY = YES;
				CLANG_WARN_ENUM_CONVERSION = YES;
				CLANG_WARN_INFINITE_RECURSION = YES;
				CLANG_WARN_INT_CONVERSION = YES;
				CLANG_WARN_NON_LITERAL_NULL_CONVERSION = YES;
				CLANG_WARN_OBJC_IMPLICIT_RETAIN_SELF = YES;
				CLANG_WARN_OBJC_LITERAL_CONVERSION = YES;
				CLANG_WARN_OBJC_ROOT_CLASS = YES_ERROR;
				CLANG_WARN_QUOTED_INCLUDE_IN_FRAMEWORK_HEADER = YES;
				CLANG_WARN_RANGE_LOOP_ANALYSIS = YES;
				CLANG_WARN_STRICT_PROTOTYPES = YES;
				CLANG_WARN_SUSPICIOUS_MOVE = YES;
				CLANG_WARN_UNGUARDED_AVAILABILITY = YES_AGGRESSIVE;
				CLANG_WARN_UNREACHABLE_CODE = YES;
				CLANG_WARN__DUPLICATE_METHOD_MATCH = YES;
				COPY_PHASE_STRIP = NO;
				DEBUG_INFORMATION_FORMAT = "dwarf-with-dsym";
				ENABLE_NS_ASSERTIONS = NO;
				ENABLE_STRICT_OBJC_MSGSEND = YES;
				GCC_C_LANGUAGE_STANDARD = gnu11;
				GCC_NO_COMMON_BLOCKS = YES;
				GCC_OPTIMIZATION_LEVEL = 3;
				GCC_UNROLL_LOOPS = NO;
				GCC_WARN_64_TO_32_BIT_CONVERSION = YES;
				GCC_WARN_ABOUT_RETURN_TYPE = YES_ERROR;
				GCC_WARN_UNDECLARED_SELECTOR = YES;
				GCC_WARN_UNINITIALIZED_AUTOS = YES_AGGRESSIVE;
				GCC_WARN_UNUSED_FUNCTION = YES;
				GCC_WARN_UNUSED_VARIABLE = YES;
				MACOSX_DEPLOYMENT_TARGET = 10.15;
				MTL_ENABLE_DEBUG_INFO = NO;
				MTL_FAST_MATH = YES;
				ONLY_ACTIVE_ARCH = YES;
				SDKROOT = macosx;
				SWIFT_COMPILATION_MODE = wholemodule;
				SWIFT_OPTIMIZATION_LEVEL = "-O";
			};
			name = Release;
		};
		4691C78523D7B23C00E9E78D /* Debug */ = {
			isa = XCBuildConfiguration;
			buildSettings = {
				ASSETCATALOG_COMPILER_APPICON_NAME = AppIcon;
				CLANG_WARN_QUOTED_INCLUDE_IN_FRAMEWORK_HEADER = NO;
				CODE_SIGN_ENTITLEMENTS = "E64-II/E64_II.entitlements";
				CODE_SIGN_IDENTITY = "-";
				CODE_SIGN_STYLE = Automatic;
				COMBINE_HIDPI_IMAGES = YES;
				CURRENT_PROJECT_VERSION = 20200527;
				DEVELOPMENT_ASSET_PATHS = "\"E64-II/Preview Content\"";
				ENABLE_PREVIEWS = YES;
				FRAMEWORK_SEARCH_PATHS = (
					"$(inherited)",
					"$(LOCAL_LIBRARY_DIR)/Frameworks",
				);
				GCC_OPTIMIZATION_LEVEL = 2;
				INFOPLIST_FILE = "E64-II/Info.plist";
				LD_RUNPATH_SEARCH_PATHS = (
					"$(inherited)",
					"@executable_path/../Frameworks",
				);
				MACOSX_DEPLOYMENT_TARGET = 10.15;
				MARKETING_VERSION = 0.5;
				PRODUCT_BUNDLE_IDENTIFIER = "elmerucr.E64-II";
				PRODUCT_NAME = "$(TARGET_NAME)";
				SWIFT_VERSION = 5.0;
			};
			name = Debug;
		};
		4691C78623D7B23C00E9E78D /* Release */ = {
			isa = XCBuildConfiguration;
			buildSettings = {
				ASSETCATALOG_COMPILER_APPICON_NAME = AppIcon;
				CLANG_WARN_QUOTED_INCLUDE_IN_FRAMEWORK_HEADER = NO;
				CODE_SIGN_ENTITLEMENTS = "E64-II/E64_II.entitlements";
				CODE_SIGN_IDENTITY = "-";
				CODE_SIGN_STYLE = Automatic;
				COMBINE_HIDPI_IMAGES = YES;
				CURRENT_PROJECT_VERSION = 20200527;
				DEVELOPMENT_ASSET_PATHS = "\"E64-II/Preview Content\"";
				ENABLE_PREVIEWS = YES;
				FRAMEWORK_SEARCH_PATHS = (
					"$(inherited)",
					"$(LOCAL_LIBRARY_DIR)/Frameworks",
				);
				GCC_OPTIMIZATION_LEVEL = fast;
				INFOPLIST_FILE = "E64-II/Info.plist";
				LD_RUNPATH_SEARCH_PATHS = (
					"$(inherited)",
					"@executable_path/../Frameworks",
				);
				MACOSX_DEPLOYMENT_TARGET = 10.15;
				MARKETING_VERSION = 0.5;
				PRODUCT_BUNDLE_IDENTIFIER = "elmerucr.E64-II";
				PRODUCT_NAME = "$(TARGET_NAME)";
				SWIFT_VERSION = 5.0;
			};
			name = Release;
		};
/* End XCBuildConfiguration section */

/* Begin XCConfigurationList section */
		4691C76C23D7B23A00E9E78D /* Build configuration list for PBXProject "E64-II" */ = {
			isa = XCConfigurationList;
			buildConfigurations = (
				4691C78223D7B23C00E9E78D /* Debug */,
				4691C78323D7B23C00E9E78D /* Release */,
			);
			defaultConfigurationIsVisible = 0;
			defaultConfigurationName = Release;
		};
		4691C78423D7B23C00E9E78D /* Build configuration list for PBXNativeTarget "E64-II" */ = {
			isa = XCConfigurationList;
			buildConfigurations = (
				4691C78523D7B23C00E9E78D /* Debug */,
				4691C78623D7B23C00E9E78D /* Release */,
			);
			defaultConfigurationIsVisible = 0;
			defaultConfigurationName = Release;
		};
/* End XCConfigurationList section */
	};
	rootObject = 4691C76923D7B23A00E9E78D /* Project object */;
}
