// !$*UTF8*$!
{
	archiveVersion = 1;
	classes = {
	};
	objectVersion = 50;
	objects = {

/* Begin PBXBuildFile section */
		4633A79823FD565800AFD176 /* video.cpp in Sources */ = {isa = PBXBuildFile; fileRef = 4633A79723FD565800AFD176 /* video.cpp */; };
		463CC6FD25ABAC3E00F160FA /* fd_sounds.cpp in Sources */ = {isa = PBXBuildFile; fileRef = 463CC6FC25ABAC3E00F160FA /* fd_sounds.cpp */; };
		467817062517567F008F8A1A /* settings.cpp in Sources */ = {isa = PBXBuildFile; fileRef = 467817042517567F008F8A1A /* settings.cpp */; };
		468B288E258E4C51002B1FE9 /* fd.cpp in Sources */ = {isa = PBXBuildFile; fileRef = 468B288D258E4C51002B1FE9 /* fd.cpp */; };
		4691C77923D7B23C00E9E78D /* Assets.xcassets in Resources */ = {isa = PBXBuildFile; fileRef = 4691C77823D7B23C00E9E78D /* Assets.xcassets */; };
		4691C77C23D7B23C00E9E78D /* Preview Assets.xcassets in Resources */ = {isa = PBXBuildFile; fileRef = 4691C77B23D7B23C00E9E78D /* Preview Assets.xcassets */; };
		4691C78823D7B28600E9E78D /* main.cpp in Sources */ = {isa = PBXBuildFile; fileRef = 4691C78723D7B28600E9E78D /* main.cpp */; };
		4691C79123D7B31500E9E78D /* sdl2.cpp in Sources */ = {isa = PBXBuildFile; fileRef = 4691C79023D7B31500E9E78D /* sdl2.cpp */; };
		4691C79623D7B34700E9E78D /* vicv.cpp in Sources */ = {isa = PBXBuildFile; fileRef = 4691C79523D7B34700E9E78D /* vicv.cpp */; };
		4691C7A623D7B3B600E9E78D /* SDL2.framework in Frameworks */ = {isa = PBXBuildFile; fileRef = 4691C7A523D7B3B600E9E78D /* SDL2.framework */; };
		4691C7A723D7B3B600E9E78D /* SDL2.framework in Embed Frameworks */ = {isa = PBXBuildFile; fileRef = 4691C7A523D7B3B600E9E78D /* SDL2.framework */; settings = {ATTRIBUTES = (CodeSignOnCopy, RemoveHeadersOnCopy, ); }; };
		4691C7B123D7B40600E9E78D /* machine.cpp in Sources */ = {isa = PBXBuildFile; fileRef = 4691C7A923D7B40600E9E78D /* machine.cpp */; };
		4691C7B823D7B4DC00E9E78D /* cia.cpp in Sources */ = {isa = PBXBuildFile; fileRef = 4691C7B723D7B4DC00E9E78D /* cia.cpp */; };
		4691C7BD23D7B57100E9E78D /* cpu_moira.cpp in Sources */ = {isa = PBXBuildFile; fileRef = 4691C7BC23D7B57100E9E78D /* cpu_moira.cpp */; };
		4691C7D023D7B59900E9E78D /* Moira.cpp in Sources */ = {isa = PBXBuildFile; fileRef = 4691C7C523D7B59800E9E78D /* Moira.cpp */; };
		4691C7D123D7B59900E9E78D /* MoiraDebugger.cpp in Sources */ = {isa = PBXBuildFile; fileRef = 4691C7CF23D7B59900E9E78D /* MoiraDebugger.cpp */; };
		4691C7D523D7B5BF00E9E78D /* mmu.cpp in Sources */ = {isa = PBXBuildFile; fileRef = 4691C7D423D7B5BF00E9E78D /* mmu.cpp */; };
		4691C80723D7B62400E9E78D /* timer.cpp in Sources */ = {isa = PBXBuildFile; fileRef = 4691C80523D7B62400E9E78D /* timer.cpp */; };
		4691C80B23D7B64800E9E78D /* TTL74LS148.cpp in Sources */ = {isa = PBXBuildFile; fileRef = 4691C80923D7B64800E9E78D /* TTL74LS148.cpp */; };
		4691C81423D7B80B00E9E78D /* log.txt in Resources */ = {isa = PBXBuildFile; fileRef = 4691C81323D7B80B00E9E78D /* log.txt */; };
		4697AE1C24756DB100F498CE /* stats.cpp in Sources */ = {isa = PBXBuildFile; fileRef = 4697AE1A24756DB100F498CE /* stats.cpp */; };
		46B4480B23EF3AB30000DAB1 /* blitter.cpp in Sources */ = {isa = PBXBuildFile; fileRef = 46B4480A23EF3AB30000DAB1 /* blitter.cpp */; };
		46C4CBF824388BD2002BD371 /* sids.cpp in Sources */ = {isa = PBXBuildFile; fileRef = 46C4CBF624388BD2002BD371 /* sids.cpp */; };
		46C4CC1224388CBC002BD371 /* wave6581_PS_.cc in Sources */ = {isa = PBXBuildFile; fileRef = 46C4CBF924388CBB002BD371 /* wave6581_PS_.cc */; };
		46C4CC1324388CBC002BD371 /* wave6581__ST.cc in Sources */ = {isa = PBXBuildFile; fileRef = 46C4CBFC24388CBB002BD371 /* wave6581__ST.cc */; };
		46C4CC1424388CBC002BD371 /* pot.cc in Sources */ = {isa = PBXBuildFile; fileRef = 46C4CBFD24388CBB002BD371 /* pot.cc */; };
		46C4CC1524388CBC002BD371 /* envelope.cc in Sources */ = {isa = PBXBuildFile; fileRef = 46C4CBFE24388CBB002BD371 /* envelope.cc */; };
		46C4CC1624388CBC002BD371 /* extfilt.cc in Sources */ = {isa = PBXBuildFile; fileRef = 46C4CC0024388CBB002BD371 /* extfilt.cc */; };
		46C4CC1724388CBC002BD371 /* wave8580__ST.cc in Sources */ = {isa = PBXBuildFile; fileRef = 46C4CC0124388CBB002BD371 /* wave8580__ST.cc */; };
		46C4CC1824388CBC002BD371 /* wave8580_P_T.cc in Sources */ = {isa = PBXBuildFile; fileRef = 46C4CC0324388CBB002BD371 /* wave8580_P_T.cc */; };
		46C4CC1924388CBC002BD371 /* wave8580_PS_.cc in Sources */ = {isa = PBXBuildFile; fileRef = 46C4CC0424388CBB002BD371 /* wave8580_PS_.cc */; };
		46C4CC1A24388CBC002BD371 /* filter.cc in Sources */ = {isa = PBXBuildFile; fileRef = 46C4CC0624388CBC002BD371 /* filter.cc */; };
		46C4CC1B24388CBC002BD371 /* wave8580_PST.cc in Sources */ = {isa = PBXBuildFile; fileRef = 46C4CC0724388CBC002BD371 /* wave8580_PST.cc */; };
		46C4CC1C24388CBC002BD371 /* voice.cc in Sources */ = {isa = PBXBuildFile; fileRef = 46C4CC0824388CBC002BD371 /* voice.cc */; };
		46C4CC1D24388CBC002BD371 /* sid.cc in Sources */ = {isa = PBXBuildFile; fileRef = 46C4CC0A24388CBC002BD371 /* sid.cc */; };
		46C4CC1E24388CBC002BD371 /* wave6581_P_T.cc in Sources */ = {isa = PBXBuildFile; fileRef = 46C4CC0C24388CBC002BD371 /* wave6581_P_T.cc */; };
		46C4CC1F24388CBC002BD371 /* wave6581_PST.cc in Sources */ = {isa = PBXBuildFile; fileRef = 46C4CC0D24388CBC002BD371 /* wave6581_PST.cc */; };
		46C4CC2024388CBC002BD371 /* version.cc in Sources */ = {isa = PBXBuildFile; fileRef = 46C4CC1024388CBC002BD371 /* version.cc */; };
		46C4CC2124388CBC002BD371 /* wave.cc in Sources */ = {isa = PBXBuildFile; fileRef = 46C4CC1124388CBC002BD371 /* wave.cc */; };
		46D3184F2528BC3900E08C23 /* monitor_status_bar.cpp in Sources */ = {isa = PBXBuildFile; fileRef = 46D318472528BC3900E08C23 /* monitor_status_bar.cpp */; };
		46D318502528BC3900E08C23 /* monitor_command.cpp in Sources */ = {isa = PBXBuildFile; fileRef = 46D318492528BC3900E08C23 /* monitor_command.cpp */; };
		46D318512528BC3900E08C23 /* monitor_console.cpp in Sources */ = {isa = PBXBuildFile; fileRef = 46D3184B2528BC3900E08C23 /* monitor_console.cpp */; };
		46D318522528BC3900E08C23 /* monitor_screen.cpp in Sources */ = {isa = PBXBuildFile; fileRef = 46D3184D2528BC3900E08C23 /* monitor_screen.cpp */; };
		46FF02D32542FABF001C0A52 /* rom.cpp in Sources */ = {isa = PBXBuildFile; fileRef = 46FF02D22542FABF001C0A52 /* rom.cpp */; };
/* End PBXBuildFile section */

/* Begin PBXCopyFilesBuildPhase section */
		4691C7A823D7B3B600E9E78D /* Embed Frameworks */ = {
			isa = PBXCopyFilesBuildPhase;
			buildActionMask = 2147483647;
			dstPath = "";
			dstSubfolderSpec = 10;
			files = (
				4691C7A723D7B3B600E9E78D /* SDL2.framework in Embed Frameworks */,
			);
			name = "Embed Frameworks";
			runOnlyForDeploymentPostprocessing = 0;
		};
/* End PBXCopyFilesBuildPhase section */

/* Begin PBXFileReference section */
		4633A79623FD565800AFD176 /* video.hpp */ = {isa = PBXFileReference; fileEncoding = 4; lastKnownFileType = sourcecode.cpp.h; name = video.hpp; path = ../../../src/resources/video.hpp; sourceTree = "<group>"; };
		4633A79723FD565800AFD176 /* video.cpp */ = {isa = PBXFileReference; fileEncoding = 4; lastKnownFileType = sourcecode.cpp.cpp; name = video.cpp; path = ../../../src/resources/video.cpp; sourceTree = "<group>"; };
		463CC6FC25ABAC3E00F160FA /* fd_sounds.cpp */ = {isa = PBXFileReference; fileEncoding = 4; lastKnownFileType = sourcecode.cpp.cpp; name = fd_sounds.cpp; path = ../../../src/devices/fd/fd_sounds.cpp; sourceTree = "<group>"; };
		467817042517567F008F8A1A /* settings.cpp */ = {isa = PBXFileReference; fileEncoding = 4; lastKnownFileType = sourcecode.cpp.cpp; name = settings.cpp; path = ../../../src/resources/settings.cpp; sourceTree = "<group>"; };
		467817052517567F008F8A1A /* settings.hpp */ = {isa = PBXFileReference; fileEncoding = 4; lastKnownFileType = sourcecode.cpp.h; name = settings.hpp; path = ../../../src/resources/settings.hpp; sourceTree = "<group>"; };
		468B288C258E4C51002B1FE9 /* fd.hpp */ = {isa = PBXFileReference; fileEncoding = 4; lastKnownFileType = sourcecode.cpp.h; name = fd.hpp; path = ../../../src/devices/fd/fd.hpp; sourceTree = "<group>"; };
		468B288D258E4C51002B1FE9 /* fd.cpp */ = {isa = PBXFileReference; fileEncoding = 4; lastKnownFileType = sourcecode.cpp.cpp; name = fd.cpp; path = ../../../src/devices/fd/fd.cpp; sourceTree = "<group>"; };
		4691C77123D7B23A00E9E78D /* E64-II.app */ = {isa = PBXFileReference; explicitFileType = wrapper.application; includeInIndex = 0; path = "E64-II.app"; sourceTree = BUILT_PRODUCTS_DIR; };
		4691C77823D7B23C00E9E78D /* Assets.xcassets */ = {isa = PBXFileReference; lastKnownFileType = folder.assetcatalog; path = Assets.xcassets; sourceTree = "<group>"; };
		4691C77B23D7B23C00E9E78D /* Preview Assets.xcassets */ = {isa = PBXFileReference; lastKnownFileType = folder.assetcatalog; path = "Preview Assets.xcassets"; sourceTree = "<group>"; };
		4691C78023D7B23C00E9E78D /* Info.plist */ = {isa = PBXFileReference; lastKnownFileType = text.plist.xml; path = Info.plist; sourceTree = "<group>"; };
		4691C78123D7B23C00E9E78D /* E64_II.entitlements */ = {isa = PBXFileReference; lastKnownFileType = text.plist.entitlements; path = E64_II.entitlements; sourceTree = "<group>"; };
		4691C78723D7B28600E9E78D /* main.cpp */ = {isa = PBXFileReference; fileEncoding = 4; lastKnownFileType = sourcecode.cpp.cpp; name = main.cpp; path = ../../../src/main.cpp; sourceTree = "<group>"; };
		4691C78F23D7B31500E9E78D /* sdl2.hpp */ = {isa = PBXFileReference; fileEncoding = 4; lastKnownFileType = sourcecode.cpp.h; name = sdl2.hpp; path = ../../../src/sdl2/sdl2.hpp; sourceTree = "<group>"; };
		4691C79023D7B31500E9E78D /* sdl2.cpp */ = {isa = PBXFileReference; fileEncoding = 4; lastKnownFileType = sourcecode.cpp.cpp; name = sdl2.cpp; path = ../../../src/sdl2/sdl2.cpp; sourceTree = "<group>"; };
		4691C79423D7B34700E9E78D /* vicv.hpp */ = {isa = PBXFileReference; fileEncoding = 4; lastKnownFileType = sourcecode.cpp.h; name = vicv.hpp; path = ../../../src/devices/vicv/vicv.hpp; sourceTree = "<group>"; };
		4691C79523D7B34700E9E78D /* vicv.cpp */ = {isa = PBXFileReference; fileEncoding = 4; lastKnownFileType = sourcecode.cpp.cpp; name = vicv.cpp; path = ../../../src/devices/vicv/vicv.cpp; sourceTree = "<group>"; };
		4691C7A523D7B3B600E9E78D /* SDL2.framework */ = {isa = PBXFileReference; lastKnownFileType = wrapper.framework; name = SDL2.framework; path = ../../../../../../Library/Frameworks/SDL2.framework; sourceTree = "<group>"; };
		4691C7A923D7B40600E9E78D /* machine.cpp */ = {isa = PBXFileReference; fileEncoding = 4; lastKnownFileType = sourcecode.cpp.cpp; name = machine.cpp; path = ../../../src/machine.cpp; sourceTree = "<group>"; };
		4691C7AC23D7B40600E9E78D /* machine.hpp */ = {isa = PBXFileReference; fileEncoding = 4; lastKnownFileType = sourcecode.cpp.h; name = machine.hpp; path = ../../../src/machine.hpp; sourceTree = "<group>"; };
		4691C7AF23D7B40600E9E78D /* common.hpp */ = {isa = PBXFileReference; fileEncoding = 4; lastKnownFileType = sourcecode.cpp.h; name = common.hpp; path = ../../../src/common.hpp; sourceTree = "<group>"; };
		4691C7B023D7B40600E9E78D /* frequency_divider.hpp */ = {isa = PBXFileReference; fileEncoding = 4; lastKnownFileType = sourcecode.cpp.h; name = frequency_divider.hpp; path = ../../../src/frequency_divider.hpp; sourceTree = "<group>"; };
		4691C7B623D7B4DC00E9E78D /* cia.hpp */ = {isa = PBXFileReference; fileEncoding = 4; lastKnownFileType = sourcecode.cpp.h; name = cia.hpp; path = ../../../src/devices/cia/cia.hpp; sourceTree = "<group>"; };
		4691C7B723D7B4DC00E9E78D /* cia.cpp */ = {isa = PBXFileReference; fileEncoding = 4; lastKnownFileType = sourcecode.cpp.cpp; name = cia.cpp; path = ../../../src/devices/cia/cia.cpp; sourceTree = "<group>"; };
		4691C7BB23D7B57100E9E78D /* cpu_moira.hpp */ = {isa = PBXFileReference; fileEncoding = 4; lastKnownFileType = sourcecode.cpp.h; name = cpu_moira.hpp; path = ../../../src/devices/cpu/cpu_moira.hpp; sourceTree = "<group>"; };
		4691C7BC23D7B57100E9E78D /* cpu_moira.cpp */ = {isa = PBXFileReference; fileEncoding = 4; lastKnownFileType = sourcecode.cpp.cpp; name = cpu_moira.cpp; path = ../../../src/devices/cpu/cpu_moira.cpp; sourceTree = "<group>"; };
		4691C7BE23D7B59800E9E78D /* MoiraExec.h */ = {isa = PBXFileReference; fileEncoding = 4; lastKnownFileType = sourcecode.c.h; name = MoiraExec.h; path = ../../../src/devices/cpu/Moira/MoiraExec.h; sourceTree = "<group>"; };
		4691C7BF23D7B59800E9E78D /* StrWriter_cpp.h */ = {isa = PBXFileReference; fileEncoding = 4; lastKnownFileType = sourcecode.c.h; name = StrWriter_cpp.h; path = ../../../src/devices/cpu/Moira/StrWriter_cpp.h; sourceTree = "<group>"; };
		4691C7C023D7B59800E9E78D /* MoiraALU.h */ = {isa = PBXFileReference; fileEncoding = 4; lastKnownFileType = sourcecode.c.h; name = MoiraALU.h; path = ../../../src/devices/cpu/Moira/MoiraALU.h; sourceTree = "<group>"; };
		4691C7C123D7B59800E9E78D /* MoiraConfig.h */ = {isa = PBXFileReference; fileEncoding = 4; lastKnownFileType = sourcecode.c.h; name = MoiraConfig.h; path = ../../../src/devices/cpu/Moira/MoiraConfig.h; sourceTree = "<group>"; };
		4691C7C223D7B59800E9E78D /* MoiraDataflow.h */ = {isa = PBXFileReference; fileEncoding = 4; lastKnownFileType = sourcecode.c.h; name = MoiraDataflow.h; path = ../../../src/devices/cpu/Moira/MoiraDataflow.h; sourceTree = "<group>"; };
		4691C7C323D7B59800E9E78D /* MoiraALU_cpp.h */ = {isa = PBXFileReference; fileEncoding = 4; lastKnownFileType = sourcecode.c.h; name = MoiraALU_cpp.h; path = ../../../src/devices/cpu/Moira/MoiraALU_cpp.h; sourceTree = "<group>"; };
		4691C7C423D7B59800E9E78D /* MoiraDataflow_cpp.h */ = {isa = PBXFileReference; fileEncoding = 4; lastKnownFileType = sourcecode.c.h; name = MoiraDataflow_cpp.h; path = ../../../src/devices/cpu/Moira/MoiraDataflow_cpp.h; sourceTree = "<group>"; };
		4691C7C523D7B59800E9E78D /* Moira.cpp */ = {isa = PBXFileReference; fileEncoding = 4; lastKnownFileType = sourcecode.cpp.cpp; name = Moira.cpp; path = ../../../src/devices/cpu/Moira/Moira.cpp; sourceTree = "<group>"; };
		4691C7C623D7B59800E9E78D /* MoiraDasm.h */ = {isa = PBXFileReference; fileEncoding = 4; lastKnownFileType = sourcecode.c.h; name = MoiraDasm.h; path = ../../../src/devices/cpu/Moira/MoiraDasm.h; sourceTree = "<group>"; };
		4691C7C723D7B59800E9E78D /* MoiraInit.h */ = {isa = PBXFileReference; fileEncoding = 4; lastKnownFileType = sourcecode.c.h; name = MoiraInit.h; path = ../../../src/devices/cpu/Moira/MoiraInit.h; sourceTree = "<group>"; };
		4691C7C823D7B59900E9E78D /* MoiraDebugger.h */ = {isa = PBXFileReference; fileEncoding = 4; lastKnownFileType = sourcecode.c.h; name = MoiraDebugger.h; path = ../../../src/devices/cpu/Moira/MoiraDebugger.h; sourceTree = "<group>"; };
		4691C7C923D7B59900E9E78D /* MoiraExec_cpp.h */ = {isa = PBXFileReference; fileEncoding = 4; lastKnownFileType = sourcecode.c.h; name = MoiraExec_cpp.h; path = ../../../src/devices/cpu/Moira/MoiraExec_cpp.h; sourceTree = "<group>"; };
		4691C7CA23D7B59900E9E78D /* MoiraDasm_cpp.h */ = {isa = PBXFileReference; fileEncoding = 4; lastKnownFileType = sourcecode.c.h; name = MoiraDasm_cpp.h; path = ../../../src/devices/cpu/Moira/MoiraDasm_cpp.h; sourceTree = "<group>"; };
		4691C7CB23D7B59900E9E78D /* StrWriter.h */ = {isa = PBXFileReference; fileEncoding = 4; lastKnownFileType = sourcecode.c.h; name = StrWriter.h; path = ../../../src/devices/cpu/Moira/StrWriter.h; sourceTree = "<group>"; };
		4691C7CC23D7B59900E9E78D /* Moira.h */ = {isa = PBXFileReference; fileEncoding = 4; lastKnownFileType = sourcecode.c.h; name = Moira.h; path = ../../../src/devices/cpu/Moira/Moira.h; sourceTree = "<group>"; };
		4691C7CD23D7B59900E9E78D /* MoiraInit_cpp.h */ = {isa = PBXFileReference; fileEncoding = 4; lastKnownFileType = sourcecode.c.h; name = MoiraInit_cpp.h; path = ../../../src/devices/cpu/Moira/MoiraInit_cpp.h; sourceTree = "<group>"; };
		4691C7CE23D7B59900E9E78D /* MoiraTypes.h */ = {isa = PBXFileReference; fileEncoding = 4; lastKnownFileType = sourcecode.c.h; name = MoiraTypes.h; path = ../../../src/devices/cpu/Moira/MoiraTypes.h; sourceTree = "<group>"; };
		4691C7CF23D7B59900E9E78D /* MoiraDebugger.cpp */ = {isa = PBXFileReference; fileEncoding = 4; lastKnownFileType = sourcecode.cpp.cpp; name = MoiraDebugger.cpp; path = ../../../src/devices/cpu/Moira/MoiraDebugger.cpp; sourceTree = "<group>"; };
		4691C7D323D7B5BF00E9E78D /* mmu.hpp */ = {isa = PBXFileReference; fileEncoding = 4; lastKnownFileType = sourcecode.cpp.h; name = mmu.hpp; path = ../../../src/devices/mmu/mmu.hpp; sourceTree = "<group>"; };
		4691C7D423D7B5BF00E9E78D /* mmu.cpp */ = {isa = PBXFileReference; fileEncoding = 4; lastKnownFileType = sourcecode.cpp.cpp; name = mmu.cpp; path = ../../../src/devices/mmu/mmu.cpp; sourceTree = "<group>"; };
		4691C80523D7B62400E9E78D /* timer.cpp */ = {isa = PBXFileReference; fileEncoding = 4; lastKnownFileType = sourcecode.cpp.cpp; name = timer.cpp; path = ../../../src/devices/timer/timer.cpp; sourceTree = "<group>"; };
		4691C80623D7B62400E9E78D /* timer.hpp */ = {isa = PBXFileReference; fileEncoding = 4; lastKnownFileType = sourcecode.cpp.h; name = timer.hpp; path = ../../../src/devices/timer/timer.hpp; sourceTree = "<group>"; };
		4691C80923D7B64800E9E78D /* TTL74LS148.cpp */ = {isa = PBXFileReference; fileEncoding = 4; lastKnownFileType = sourcecode.cpp.cpp; name = TTL74LS148.cpp; path = ../../../src/devices/TTL74LS148/TTL74LS148.cpp; sourceTree = "<group>"; };
		4691C80A23D7B64800E9E78D /* TTL74LS148.hpp */ = {isa = PBXFileReference; fileEncoding = 4; lastKnownFileType = sourcecode.cpp.h; name = TTL74LS148.hpp; path = ../../../src/devices/TTL74LS148/TTL74LS148.hpp; sourceTree = "<group>"; };
		4691C81323D7B80B00E9E78D /* log.txt */ = {isa = PBXFileReference; fileEncoding = 4; lastKnownFileType = text; name = log.txt; path = ../../../log.txt; sourceTree = "<group>"; };
		4697AE1A24756DB100F498CE /* stats.cpp */ = {isa = PBXFileReference; fileEncoding = 4; lastKnownFileType = sourcecode.cpp.cpp; name = stats.cpp; path = ../../../src/stats.cpp; sourceTree = "<group>"; };
		4697AE1B24756DB100F498CE /* stats.hpp */ = {isa = PBXFileReference; fileEncoding = 4; lastKnownFileType = sourcecode.cpp.h; name = stats.hpp; path = ../../../src/stats.hpp; sourceTree = "<group>"; };
		46B4480923EF3AB20000DAB1 /* blitter.hpp */ = {isa = PBXFileReference; fileEncoding = 4; lastKnownFileType = sourcecode.cpp.h; name = blitter.hpp; path = ../../../src/devices/vicv/blitter.hpp; sourceTree = "<group>"; };
		46B4480A23EF3AB30000DAB1 /* blitter.cpp */ = {isa = PBXFileReference; fileEncoding = 4; lastKnownFileType = sourcecode.cpp.cpp; name = blitter.cpp; path = ../../../src/devices/vicv/blitter.cpp; sourceTree = "<group>"; };
		46C4CBF624388BD2002BD371 /* sids.cpp */ = {isa = PBXFileReference; fileEncoding = 4; lastKnownFileType = sourcecode.cpp.cpp; name = sids.cpp; path = ../../../src/devices/sids/sids.cpp; sourceTree = "<group>"; };
		46C4CBF724388BD2002BD371 /* sids.hpp */ = {isa = PBXFileReference; fileEncoding = 4; lastKnownFileType = sourcecode.cpp.h; name = sids.hpp; path = ../../../src/devices/sids/sids.hpp; sourceTree = "<group>"; };
		46C4CBF924388CBB002BD371 /* wave6581_PS_.cc */ = {isa = PBXFileReference; fileEncoding = 4; lastKnownFileType = sourcecode.cpp.cpp; name = wave6581_PS_.cc; path = "../../../src/devices/sids/resid-0.16/wave6581_PS_.cc"; sourceTree = "<group>"; };
		46C4CBFA24388CBB002BD371 /* sid.h */ = {isa = PBXFileReference; fileEncoding = 4; lastKnownFileType = sourcecode.c.h; name = sid.h; path = "../../../src/devices/sids/resid-0.16/sid.h"; sourceTree = "<group>"; };
		46C4CBFB24388CBB002BD371 /* envelope.h */ = {isa = PBXFileReference; fileEncoding = 4; lastKnownFileType = sourcecode.c.h; name = envelope.h; path = "../../../src/devices/sids/resid-0.16/envelope.h"; sourceTree = "<group>"; };
		46C4CBFC24388CBB002BD371 /* wave6581__ST.cc */ = {isa = PBXFileReference; fileEncoding = 4; lastKnownFileType = sourcecode.cpp.cpp; name = wave6581__ST.cc; path = "../../../src/devices/sids/resid-0.16/wave6581__ST.cc"; sourceTree = "<group>"; };
		46C4CBFD24388CBB002BD371 /* pot.cc */ = {isa = PBXFileReference; fileEncoding = 4; lastKnownFileType = sourcecode.cpp.cpp; name = pot.cc; path = "../../../src/devices/sids/resid-0.16/pot.cc"; sourceTree = "<group>"; };
		46C4CBFE24388CBB002BD371 /* envelope.cc */ = {isa = PBXFileReference; fileEncoding = 4; lastKnownFileType = sourcecode.cpp.cpp; name = envelope.cc; path = "../../../src/devices/sids/resid-0.16/envelope.cc"; sourceTree = "<group>"; };
		46C4CBFF24388CBB002BD371 /* extfilt.h */ = {isa = PBXFileReference; fileEncoding = 4; lastKnownFileType = sourcecode.c.h; name = extfilt.h; path = "../../../src/devices/sids/resid-0.16/extfilt.h"; sourceTree = "<group>"; };
		46C4CC0024388CBB002BD371 /* extfilt.cc */ = {isa = PBXFileReference; fileEncoding = 4; lastKnownFileType = sourcecode.cpp.cpp; name = extfilt.cc; path = "../../../src/devices/sids/resid-0.16/extfilt.cc"; sourceTree = "<group>"; };
		46C4CC0124388CBB002BD371 /* wave8580__ST.cc */ = {isa = PBXFileReference; fileEncoding = 4; lastKnownFileType = sourcecode.cpp.cpp; name = wave8580__ST.cc; path = "../../../src/devices/sids/resid-0.16/wave8580__ST.cc"; sourceTree = "<group>"; };
		46C4CC0224388CBB002BD371 /* filter.h */ = {isa = PBXFileReference; fileEncoding = 4; lastKnownFileType = sourcecode.c.h; name = filter.h; path = "../../../src/devices/sids/resid-0.16/filter.h"; sourceTree = "<group>"; };
		46C4CC0324388CBB002BD371 /* wave8580_P_T.cc */ = {isa = PBXFileReference; fileEncoding = 4; lastKnownFileType = sourcecode.cpp.cpp; name = wave8580_P_T.cc; path = "../../../src/devices/sids/resid-0.16/wave8580_P_T.cc"; sourceTree = "<group>"; };
		46C4CC0424388CBB002BD371 /* wave8580_PS_.cc */ = {isa = PBXFileReference; fileEncoding = 4; lastKnownFileType = sourcecode.cpp.cpp; name = wave8580_PS_.cc; path = "../../../src/devices/sids/resid-0.16/wave8580_PS_.cc"; sourceTree = "<group>"; };
		46C4CC0524388CBC002BD371 /* voice.h */ = {isa = PBXFileReference; fileEncoding = 4; lastKnownFileType = sourcecode.c.h; name = voice.h; path = "../../../src/devices/sids/resid-0.16/voice.h"; sourceTree = "<group>"; };
		46C4CC0624388CBC002BD371 /* filter.cc */ = {isa = PBXFileReference; fileEncoding = 4; lastKnownFileType = sourcecode.cpp.cpp; name = filter.cc; path = "../../../src/devices/sids/resid-0.16/filter.cc"; sourceTree = "<group>"; };
		46C4CC0724388CBC002BD371 /* wave8580_PST.cc */ = {isa = PBXFileReference; fileEncoding = 4; lastKnownFileType = sourcecode.cpp.cpp; name = wave8580_PST.cc; path = "../../../src/devices/sids/resid-0.16/wave8580_PST.cc"; sourceTree = "<group>"; };
		46C4CC0824388CBC002BD371 /* voice.cc */ = {isa = PBXFileReference; fileEncoding = 4; lastKnownFileType = sourcecode.cpp.cpp; name = voice.cc; path = "../../../src/devices/sids/resid-0.16/voice.cc"; sourceTree = "<group>"; };
		46C4CC0924388CBC002BD371 /* spline.h */ = {isa = PBXFileReference; fileEncoding = 4; lastKnownFileType = sourcecode.c.h; name = spline.h; path = "../../../src/devices/sids/resid-0.16/spline.h"; sourceTree = "<group>"; };
		46C4CC0A24388CBC002BD371 /* sid.cc */ = {isa = PBXFileReference; fileEncoding = 4; lastKnownFileType = sourcecode.cpp.cpp; name = sid.cc; path = "../../../src/devices/sids/resid-0.16/sid.cc"; sourceTree = "<group>"; };
		46C4CC0B24388CBC002BD371 /* wave.h */ = {isa = PBXFileReference; fileEncoding = 4; lastKnownFileType = sourcecode.c.h; name = wave.h; path = "../../../src/devices/sids/resid-0.16/wave.h"; sourceTree = "<group>"; };
		46C4CC0C24388CBC002BD371 /* wave6581_P_T.cc */ = {isa = PBXFileReference; fileEncoding = 4; lastKnownFileType = sourcecode.cpp.cpp; name = wave6581_P_T.cc; path = "../../../src/devices/sids/resid-0.16/wave6581_P_T.cc"; sourceTree = "<group>"; };
		46C4CC0D24388CBC002BD371 /* wave6581_PST.cc */ = {isa = PBXFileReference; fileEncoding = 4; lastKnownFileType = sourcecode.cpp.cpp; name = wave6581_PST.cc; path = "../../../src/devices/sids/resid-0.16/wave6581_PST.cc"; sourceTree = "<group>"; };
		46C4CC0E24388CBC002BD371 /* siddefs.h */ = {isa = PBXFileReference; fileEncoding = 4; lastKnownFileType = sourcecode.c.h; name = siddefs.h; path = "../../../src/devices/sids/resid-0.16/siddefs.h"; sourceTree = "<group>"; };
		46C4CC0F24388CBC002BD371 /* pot.h */ = {isa = PBXFileReference; fileEncoding = 4; lastKnownFileType = sourcecode.c.h; name = pot.h; path = "../../../src/devices/sids/resid-0.16/pot.h"; sourceTree = "<group>"; };
		46C4CC1024388CBC002BD371 /* version.cc */ = {isa = PBXFileReference; fileEncoding = 4; lastKnownFileType = sourcecode.cpp.cpp; name = version.cc; path = "../../../src/devices/sids/resid-0.16/version.cc"; sourceTree = "<group>"; };
		46C4CC1124388CBC002BD371 /* wave.cc */ = {isa = PBXFileReference; fileEncoding = 4; lastKnownFileType = sourcecode.cpp.cpp; name = wave.cc; path = "../../../src/devices/sids/resid-0.16/wave.cc"; sourceTree = "<group>"; };
		46D318472528BC3900E08C23 /* monitor_status_bar.cpp */ = {isa = PBXFileReference; fileEncoding = 4; lastKnownFileType = sourcecode.cpp.cpp; name = monitor_status_bar.cpp; path = ../../../src/monitor/monitor_status_bar.cpp; sourceTree = "<group>"; };
		46D318482528BC3900E08C23 /* monitor_screen.hpp */ = {isa = PBXFileReference; fileEncoding = 4; lastKnownFileType = sourcecode.cpp.h; name = monitor_screen.hpp; path = ../../../src/monitor/monitor_screen.hpp; sourceTree = "<group>"; };
		46D318492528BC3900E08C23 /* monitor_command.cpp */ = {isa = PBXFileReference; fileEncoding = 4; lastKnownFileType = sourcecode.cpp.cpp; name = monitor_command.cpp; path = ../../../src/monitor/monitor_command.cpp; sourceTree = "<group>"; };
		46D3184A2528BC3900E08C23 /* monitor_status_bar.hpp */ = {isa = PBXFileReference; fileEncoding = 4; lastKnownFileType = sourcecode.cpp.h; name = monitor_status_bar.hpp; path = ../../../src/monitor/monitor_status_bar.hpp; sourceTree = "<group>"; };
		46D3184B2528BC3900E08C23 /* monitor_console.cpp */ = {isa = PBXFileReference; fileEncoding = 4; lastKnownFileType = sourcecode.cpp.cpp; name = monitor_console.cpp; path = ../../../src/monitor/monitor_console.cpp; sourceTree = "<group>"; };
		46D3184C2528BC3900E08C23 /* monitor_command.hpp */ = {isa = PBXFileReference; fileEncoding = 4; lastKnownFileType = sourcecode.cpp.h; name = monitor_command.hpp; path = ../../../src/monitor/monitor_command.hpp; sourceTree = "<group>"; };
		46D3184D2528BC3900E08C23 /* monitor_screen.cpp */ = {isa = PBXFileReference; fileEncoding = 4; lastKnownFileType = sourcecode.cpp.cpp; name = monitor_screen.cpp; path = ../../../src/monitor/monitor_screen.cpp; sourceTree = "<group>"; };
		46D3184E2528BC3900E08C23 /* monitor_console.hpp */ = {isa = PBXFileReference; fileEncoding = 4; lastKnownFileType = sourcecode.cpp.h; name = monitor_console.hpp; path = ../../../src/monitor/monitor_console.hpp; sourceTree = "<group>"; };
		46FF02D22542FABF001C0A52 /* rom.cpp */ = {isa = PBXFileReference; fileEncoding = 4; lastKnownFileType = sourcecode.cpp.cpp; name = rom.cpp; path = ../../../src/rom/rom.cpp; sourceTree = "<group>"; };
/* End PBXFileReference section */

/* Begin PBXFrameworksBuildPhase section */
		4691C76E23D7B23A00E9E78D /* Frameworks */ = {
			isa = PBXFrameworksBuildPhase;
			buildActionMask = 2147483647;
			files = (
				4691C7A623D7B3B600E9E78D /* SDL2.framework in Frameworks */,
			);
			runOnlyForDeploymentPostprocessing = 0;
		};
/* End PBXFrameworksBuildPhase section */

/* Begin PBXGroup section */
		461CAD9C24AE765A001A3313 /* rom */ = {
			isa = PBXGroup;
			children = (
				46FF02D22542FABF001C0A52 /* rom.cpp */,
			);
			name = rom;
			sourceTree = "<group>";
		};
		4633A79523FD560600AFD176 /* resources */ = {
			isa = PBXGroup;
			children = (
				467817052517567F008F8A1A /* settings.hpp */,
				467817042517567F008F8A1A /* settings.cpp */,
				4633A79623FD565800AFD176 /* video.hpp */,
				4633A79723FD565800AFD176 /* video.cpp */,
			);
			name = resources;
			sourceTree = "<group>";
		};
		468B288B258E4BD3002B1FE9 /* fd */ = {
			isa = PBXGroup;
			children = (
				468B288C258E4C51002B1FE9 /* fd.hpp */,
				468B288D258E4C51002B1FE9 /* fd.cpp */,
				463CC6FC25ABAC3E00F160FA /* fd_sounds.cpp */,
			);
			name = fd;
			sourceTree = "<group>";
		};
		4691C76823D7B23A00E9E78D = {
			isa = PBXGroup;
			children = (
				4691C77323D7B23A00E9E78D /* E64-II */,
				4691C77223D7B23A00E9E78D /* Products */,
				4691C7A423D7B3B600E9E78D /* Frameworks */,
			);
			sourceTree = "<group>";
		};
		4691C77223D7B23A00E9E78D /* Products */ = {
			isa = PBXGroup;
			children = (
				4691C77123D7B23A00E9E78D /* E64-II.app */,
			);
			name = Products;
			sourceTree = "<group>";
		};
		4691C77323D7B23A00E9E78D /* E64-II */ = {
			isa = PBXGroup;
			children = (
				4691C79723D7B35500E9E78D /* monitor */,
				4691C79223D7B32300E9E78D /* devices */,
				4633A79523FD560600AFD176 /* resources */,
				461CAD9C24AE765A001A3313 /* rom */,
				4691C78E23D7B30400E9E78D /* sdl2 */,
				4691C7AF23D7B40600E9E78D /* common.hpp */,
				4691C7B023D7B40600E9E78D /* frequency_divider.hpp */,
				4691C7AC23D7B40600E9E78D /* machine.hpp */,
				4691C7A923D7B40600E9E78D /* machine.cpp */,
				4691C78723D7B28600E9E78D /* main.cpp */,
				4697AE1B24756DB100F498CE /* stats.hpp */,
				4697AE1A24756DB100F498CE /* stats.cpp */,
				4691C77823D7B23C00E9E78D /* Assets.xcassets */,
				4691C78023D7B23C00E9E78D /* Info.plist */,
				4691C81323D7B80B00E9E78D /* log.txt */,
				4691C78123D7B23C00E9E78D /* E64_II.entitlements */,
				4691C77A23D7B23C00E9E78D /* Preview Content */,
			);
			path = "E64-II";
			sourceTree = "<group>";
		};
		4691C77A23D7B23C00E9E78D /* Preview Content */ = {
			isa = PBXGroup;
			children = (
				4691C77B23D7B23C00E9E78D /* Preview Assets.xcassets */,
			);
			path = "Preview Content";
			sourceTree = "<group>";
		};
		4691C78E23D7B30400E9E78D /* sdl2 */ = {
			isa = PBXGroup;
			children = (
				4691C78F23D7B31500E9E78D /* sdl2.hpp */,
				4691C79023D7B31500E9E78D /* sdl2.cpp */,
			);
			name = sdl2;
			sourceTree = "<group>";
		};
		4691C79223D7B32300E9E78D /* devices */ = {
			isa = PBXGroup;
			children = (
				468B288B258E4BD3002B1FE9 /* fd */,
				4691C7B523D7B4BF00E9E78D /* cia */,
				4691C7B923D7B4EC00E9E78D /* cpu */,
				4691C7D223D7B5A700E9E78D /* mmu */,
				4691C7D623D7B5CB00E9E78D /* sids */,
				4691C80423D7B60F00E9E78D /* timer */,
				4691C80823D7B62E00E9E78D /* TTL74LS148 */,
				4691C79323D7B32D00E9E78D /* vicv */,
			);
			name = devices;
			sourceTree = "<group>";
		};
		4691C79323D7B32D00E9E78D /* vicv */ = {
			isa = PBXGroup;
			children = (
				4691C79423D7B34700E9E78D /* vicv.hpp */,
				4691C79523D7B34700E9E78D /* vicv.cpp */,
				46B4480923EF3AB20000DAB1 /* blitter.hpp */,
				46B4480A23EF3AB30000DAB1 /* blitter.cpp */,
			);
			name = vicv;
			sourceTree = "<group>";
		};
		4691C79723D7B35500E9E78D /* monitor */ = {
			isa = PBXGroup;
			children = (
				46D318482528BC3900E08C23 /* monitor_screen.hpp */,
				46D3184D2528BC3900E08C23 /* monitor_screen.cpp */,
				46D3184E2528BC3900E08C23 /* monitor_console.hpp */,
				46D3184B2528BC3900E08C23 /* monitor_console.cpp */,
				46D3184C2528BC3900E08C23 /* monitor_command.hpp */,
				46D318492528BC3900E08C23 /* monitor_command.cpp */,
				46D3184A2528BC3900E08C23 /* monitor_status_bar.hpp */,
				46D318472528BC3900E08C23 /* monitor_status_bar.cpp */,
			);
			name = monitor;
			sourceTree = "<group>";
		};
		4691C7A423D7B3B600E9E78D /* Frameworks */ = {
			isa = PBXGroup;
			children = (
				4691C7A523D7B3B600E9E78D /* SDL2.framework */,
			);
			name = Frameworks;
			sourceTree = "<group>";
		};
		4691C7B523D7B4BF00E9E78D /* cia */ = {
			isa = PBXGroup;
			children = (
				4691C7B623D7B4DC00E9E78D /* cia.hpp */,
				4691C7B723D7B4DC00E9E78D /* cia.cpp */,
			);
			name = cia;
			sourceTree = "<group>";
		};
		4691C7B923D7B4EC00E9E78D /* cpu */ = {
			isa = PBXGroup;
			children = (
				4691C7BA23D7B4F300E9E78D /* Moira */,
				4691C7BB23D7B57100E9E78D /* cpu_moira.hpp */,
				4691C7BC23D7B57100E9E78D /* cpu_moira.cpp */,
			);
			name = cpu;
			sourceTree = "<group>";
		};
		4691C7BA23D7B4F300E9E78D /* Moira */ = {
			isa = PBXGroup;
			children = (
				4691C7C523D7B59800E9E78D /* Moira.cpp */,
				4691C7CC23D7B59900E9E78D /* Moira.h */,
				4691C7C323D7B59800E9E78D /* MoiraALU_cpp.h */,
				4691C7C023D7B59800E9E78D /* MoiraALU.h */,
				4691C7C123D7B59800E9E78D /* MoiraConfig.h */,
				4691C7CA23D7B59900E9E78D /* MoiraDasm_cpp.h */,
				4691C7C623D7B59800E9E78D /* MoiraDasm.h */,
				4691C7C423D7B59800E9E78D /* MoiraDataflow_cpp.h */,
				4691C7C223D7B59800E9E78D /* MoiraDataflow.h */,
				4691C7CF23D7B59900E9E78D /* MoiraDebugger.cpp */,
				4691C7C823D7B59900E9E78D /* MoiraDebugger.h */,
				4691C7C923D7B59900E9E78D /* MoiraExec_cpp.h */,
				4691C7BE23D7B59800E9E78D /* MoiraExec.h */,
				4691C7CD23D7B59900E9E78D /* MoiraInit_cpp.h */,
				4691C7C723D7B59800E9E78D /* MoiraInit.h */,
				4691C7CE23D7B59900E9E78D /* MoiraTypes.h */,
				4691C7BF23D7B59800E9E78D /* StrWriter_cpp.h */,
				4691C7CB23D7B59900E9E78D /* StrWriter.h */,
			);
			name = Moira;
			sourceTree = "<group>";
		};
		4691C7D223D7B5A700E9E78D /* mmu */ = {
			isa = PBXGroup;
			children = (
				4691C7D323D7B5BF00E9E78D /* mmu.hpp */,
				4691C7D423D7B5BF00E9E78D /* mmu.cpp */,
			);
			name = mmu;
			sourceTree = "<group>";
		};
		4691C7D623D7B5CB00E9E78D /* sids */ = {
			isa = PBXGroup;
			children = (
				4691C7D723D7B5D100E9E78D /* resid */,
				46C4CBF724388BD2002BD371 /* sids.hpp */,
				46C4CBF624388BD2002BD371 /* sids.cpp */,
			);
			name = sids;
			sourceTree = "<group>";
		};
		4691C7D723D7B5D100E9E78D /* resid */ = {
			isa = PBXGroup;
			children = (
				46C4CBFE24388CBB002BD371 /* envelope.cc */,
				46C4CBFB24388CBB002BD371 /* envelope.h */,
				46C4CC0024388CBB002BD371 /* extfilt.cc */,
				46C4CBFF24388CBB002BD371 /* extfilt.h */,
				46C4CC0624388CBC002BD371 /* filter.cc */,
				46C4CC0224388CBB002BD371 /* filter.h */,
				46C4CBFD24388CBB002BD371 /* pot.cc */,
				46C4CC0F24388CBC002BD371 /* pot.h */,
				46C4CC0A24388CBC002BD371 /* sid.cc */,
				46C4CBFA24388CBB002BD371 /* sid.h */,
				46C4CC0E24388CBC002BD371 /* siddefs.h */,
				46C4CC0924388CBC002BD371 /* spline.h */,
				46C4CC1024388CBC002BD371 /* version.cc */,
				46C4CC0824388CBC002BD371 /* voice.cc */,
				46C4CC0524388CBC002BD371 /* voice.h */,
				46C4CC1124388CBC002BD371 /* wave.cc */,
				46C4CC0B24388CBC002BD371 /* wave.h */,
				46C4CBFC24388CBB002BD371 /* wave6581__ST.cc */,
				46C4CC0C24388CBC002BD371 /* wave6581_P_T.cc */,
				46C4CBF924388CBB002BD371 /* wave6581_PS_.cc */,
				46C4CC0D24388CBC002BD371 /* wave6581_PST.cc */,
				46C4CC0124388CBB002BD371 /* wave8580__ST.cc */,
				46C4CC0324388CBB002BD371 /* wave8580_P_T.cc */,
				46C4CC0424388CBB002BD371 /* wave8580_PS_.cc */,
				46C4CC0724388CBC002BD371 /* wave8580_PST.cc */,
			);
			name = resid;
			sourceTree = "<group>";
		};
		4691C80423D7B60F00E9E78D /* timer */ = {
			isa = PBXGroup;
			children = (
				4691C80623D7B62400E9E78D /* timer.hpp */,
				4691C80523D7B62400E9E78D /* timer.cpp */,
			);
			name = timer;
			sourceTree = "<group>";
		};
		4691C80823D7B62E00E9E78D /* TTL74LS148 */ = {
			isa = PBXGroup;
			children = (
				4691C80A23D7B64800E9E78D /* TTL74LS148.hpp */,
				4691C80923D7B64800E9E78D /* TTL74LS148.cpp */,
			);
			name = TTL74LS148;
			sourceTree = "<group>";
		};
/* End PBXGroup section */

/* Begin PBXNativeTarget section */
		4691C77023D7B23A00E9E78D /* E64-II */ = {
			isa = PBXNativeTarget;
			buildConfigurationList = 4691C78423D7B23C00E9E78D /* Build configuration list for PBXNativeTarget "E64-II" */;
			buildPhases = (
				4691C76D23D7B23A00E9E78D /* Sources */,
				4691C76E23D7B23A00E9E78D /* Frameworks */,
				4691C76F23D7B23A00E9E78D /* Resources */,
				4691C7A823D7B3B600E9E78D /* Embed Frameworks */,
			);
			buildRules = (
			);
			dependencies = (
			);
			name = "E64-II";
			productName = "E64-II";
			productReference = 4691C77123D7B23A00E9E78D /* E64-II.app */;
			productType = "com.apple.product-type.application";
		};
/* End PBXNativeTarget section */

/* Begin PBXProject section */
		4691C76923D7B23A00E9E78D /* Project object */ = {
			isa = PBXProject;
			attributes = {
				LastSwiftUpdateCheck = 1130;
				LastUpgradeCheck = 1200;
				ORGANIZATIONNAME = elmerucr;
				TargetAttributes = {
					4691C77023D7B23A00E9E78D = {
						CreatedOnToolsVersion = 11.3.1;
					};
				};
			};
			buildConfigurationList = 4691C76C23D7B23A00E9E78D /* Build configuration list for PBXProject "E64-II" */;
			compatibilityVersion = "Xcode 9.3";
			developmentRegion = en;
			hasScannedForEncodings = 0;
			knownRegions = (
				en,
				Base,
			);
			mainGroup = 4691C76823D7B23A00E9E78D;
			productRefGroup = 4691C77223D7B23A00E9E78D /* Products */;
			projectDirPath = "";
			projectRoot = "";
			targets = (
				4691C77023D7B23A00E9E78D /* E64-II */,
			);
		};
/* End PBXProject section */

/* Begin PBXResourcesBuildPhase section */
		4691C76F23D7B23A00E9E78D /* Resources */ = {
			isa = PBXResourcesBuildPhase;
			buildActionMask = 2147483647;
			files = (
				4691C81423D7B80B00E9E78D /* log.txt in Resources */,
				4691C77C23D7B23C00E9E78D /* Preview Assets.xcassets in Resources */,
				4691C77923D7B23C00E9E78D /* Assets.xcassets in Resources */,
			);
			runOnlyForDeploymentPostprocessing = 0;
		};
/* End PBXResourcesBuildPhase section */

/* Begin PBXSourcesBuildPhase section */
		4691C76D23D7B23A00E9E78D /* Sources */ = {
			isa = PBXSourcesBuildPhase;
			buildActionMask = 2147483647;
			files = (
				46C4CC1C24388CBC002BD371 /* voice.cc in Sources */,
				468B288E258E4C51002B1FE9 /* fd.cpp in Sources */,
				4691C79123D7B31500E9E78D /* sdl2.cpp in Sources */,
				467817062517567F008F8A1A /* settings.cpp in Sources */,
				4691C78823D7B28600E9E78D /* main.cpp in Sources */,
				46C4CC1A24388CBC002BD371 /* filter.cc in Sources */,
				46C4CC1F24388CBC002BD371 /* wave6581_PST.cc in Sources */,
				46B4480B23EF3AB30000DAB1 /* blitter.cpp in Sources */,
				46D3184F2528BC3900E08C23 /* monitor_status_bar.cpp in Sources */,
				46C4CC1324388CBC002BD371 /* wave6581__ST.cc in Sources */,
				46C4CC2124388CBC002BD371 /* wave.cc in Sources */,
				46C4CC1824388CBC002BD371 /* wave8580_P_T.cc in Sources */,
				46FF02D32542FABF001C0A52 /* rom.cpp in Sources */,
				46C4CBF824388BD2002BD371 /* sids.cpp in Sources */,
				4691C7D123D7B59900E9E78D /* MoiraDebugger.cpp in Sources */,
				4691C79623D7B34700E9E78D /* vicv.cpp in Sources */,
				4633A79823FD565800AFD176 /* video.cpp in Sources */,
				46D318512528BC3900E08C23 /* monitor_console.cpp in Sources */,
				4697AE1C24756DB100F498CE /* stats.cpp in Sources */,
				46C4CC1924388CBC002BD371 /* wave8580_PS_.cc in Sources */,
				46C4CC1724388CBC002BD371 /* wave8580__ST.cc in Sources */,
				46C4CC1424388CBC002BD371 /* pot.cc in Sources */,
				4691C7BD23D7B57100E9E78D /* cpu_moira.cpp in Sources */,
				4691C7B823D7B4DC00E9E78D /* cia.cpp in Sources */,
				46D318502528BC3900E08C23 /* monitor_command.cpp in Sources */,
				4691C7B123D7B40600E9E78D /* machine.cpp in Sources */,
				46C4CC2024388CBC002BD371 /* version.cc in Sources */,
				46C4CC1524388CBC002BD371 /* envelope.cc in Sources */,
				46C4CC1D24388CBC002BD371 /* sid.cc in Sources */,
				4691C7D523D7B5BF00E9E78D /* mmu.cpp in Sources */,
				46D318522528BC3900E08C23 /* monitor_screen.cpp in Sources */,
				463CC6FD25ABAC3E00F160FA /* fd_sounds.cpp in Sources */,
				46C4CC1B24388CBC002BD371 /* wave8580_PST.cc in Sources */,
				46C4CC1E24388CBC002BD371 /* wave6581_P_T.cc in Sources */,
				4691C80723D7B62400E9E78D /* timer.cpp in Sources */,
				46C4CC1224388CBC002BD371 /* wave6581_PS_.cc in Sources */,
				4691C7D023D7B59900E9E78D /* Moira.cpp in Sources */,
				4691C80B23D7B64800E9E78D /* TTL74LS148.cpp in Sources */,
				46C4CC1624388CBC002BD371 /* extfilt.cc in Sources */,
			);
			runOnlyForDeploymentPostprocessing = 0;
		};
/* End PBXSourcesBuildPhase section */

/* Begin XCBuildConfiguration section */
		4691C78223D7B23C00E9E78D /* Debug */ = {
			isa = XCBuildConfiguration;
			buildSettings = {
				ALWAYS_SEARCH_USER_PATHS = NO;
				CLANG_ANALYZER_NONNULL = YES;
				CLANG_ANALYZER_NUMBER_OBJECT_CONVERSION = YES_AGGRESSIVE;
				CLANG_CXX_LANGUAGE_STANDARD = "gnu++14";
				CLANG_CXX_LIBRARY = "libc++";
				CLANG_ENABLE_MODULES = YES;
				CLANG_ENABLE_OBJC_ARC = YES;
				CLANG_ENABLE_OBJC_WEAK = YES;
				CLANG_WARN_BLOCK_CAPTURE_AUTORELEASING = YES;
				CLANG_WARN_BOOL_CONVERSION = YES;
				CLANG_WARN_COMMA = YES;
				CLANG_WARN_CONSTANT_CONVERSION = YES;
				CLANG_WARN_DEPRECATED_OBJC_IMPLEMENTATIONS = YES;
				CLANG_WARN_DIRECT_OBJC_ISA_USAGE = YES_ERROR;
				CLANG_WARN_DOCUMENTATION_COMMENTS = YES;
				CLANG_WARN_EMPTY_BODY = YES;
				CLANG_WARN_ENUM_CONVERSION = YES;
				CLANG_WARN_INFINITE_RECURSION = YES;
				CLANG_WARN_INT_CONVERSION = YES;
				CLANG_WARN_NON_LITERAL_NULL_CONVERSION = YES;
				CLANG_WARN_OBJC_IMPLICIT_RETAIN_SELF = YES;
				CLANG_WARN_OBJC_LITERAL_CONVERSION = YES;
				CLANG_WARN_OBJC_ROOT_CLASS = YES_ERROR;
				CLANG_WARN_QUOTED_INCLUDE_IN_FRAMEWORK_HEADER = YES;
				CLANG_WARN_RANGE_LOOP_ANALYSIS = YES;
				CLANG_WARN_STRICT_PROTOTYPES = YES;
				CLANG_WARN_SUSPICIOUS_MOVE = YES;
				CLANG_WARN_UNGUARDED_AVAILABILITY = YES_AGGRESSIVE;
				CLANG_WARN_UNREACHABLE_CODE = YES;
				CLANG_WARN__DUPLICATE_METHOD_MATCH = YES;
				COPY_PHASE_STRIP = NO;
				DEBUG_INFORMATION_FORMAT = dwarf;
				ENABLE_STRICT_OBJC_MSGSEND = YES;
				ENABLE_TESTABILITY = YES;
				GCC_C_LANGUAGE_STANDARD = gnu11;
				GCC_DYNAMIC_NO_PIC = NO;
				GCC_NO_COMMON_BLOCKS = YES;
				GCC_OPTIMIZATION_LEVEL = 2;
				GCC_PREPROCESSOR_DEFINITIONS = (
					"DEBUG=1",
					"$(inherited)",
				);
				GCC_UNROLL_LOOPS = NO;
				GCC_WARN_64_TO_32_BIT_CONVERSION = YES;
				GCC_WARN_ABOUT_RETURN_TYPE = YES_ERROR;
				GCC_WARN_UNDECLARED_SELECTOR = YES;
				GCC_WARN_UNINITIALIZED_AUTOS = YES_AGGRESSIVE;
				GCC_WARN_UNUSED_FUNCTION = YES;
				GCC_WARN_UNUSED_VARIABLE = YES;
				MACOSX_DEPLOYMENT_TARGET = 10.15;
				MTL_ENABLE_DEBUG_INFO = INCLUDE_SOURCE;
				MTL_FAST_MATH = YES;
				ONLY_ACTIVE_ARCH = YES;
				SDKROOT = macosx;
				SWIFT_ACTIVE_COMPILATION_CONDITIONS = DEBUG;
				SWIFT_OPTIMIZATION_LEVEL = "-Onone";
			};
			name = Debug;
		};
		4691C78323D7B23C00E9E78D /* Release */ = {
			isa = XCBuildConfiguration;
			buildSettings = {
				ALWAYS_SEARCH_USER_PATHS = NO;
				CLANG_ANALYZER_NONNULL = YES;
				CLANG_ANALYZER_NUMBER_OBJECT_CONVERSION = YES_AGGRESSIVE;
				CLANG_CXX_LANGUAGE_STANDARD = "gnu++14";
				CLANG_CXX_LIBRARY = "libc++";
				CLANG_ENABLE_MODULES = YES;
				CLANG_ENABLE_OBJC_ARC = YES;
				CLANG_ENABLE_OBJC_WEAK = YES;
				CLANG_WARN_BLOCK_CAPTURE_AUTORELEASING = YES;
				CLANG_WARN_BOOL_CONVERSION = YES;
				CLANG_WARN_COMMA = YES;
				CLANG_WARN_CONSTANT_CONVERSION = YES;
				CLANG_WARN_DEPRECATED_OBJC_IMPLEMENTATIONS = YES;
				CLANG_WARN_DIRECT_OBJC_ISA_USAGE = YES_ERROR;
				CLANG_WARN_DOCUMENTATION_COMMENTS = YES;
				CLANG_WARN_EMPTY_BODY = YES;
				CLANG_WARN_ENUM_CONVERSION = YES;
				CLANG_WARN_INFINITE_RECURSION = YES;
				CLANG_WARN_INT_CONVERSION = YES;
				CLANG_WARN_NON_LITERAL_NULL_CONVERSION = YES;
				CLANG_WARN_OBJC_IMPLICIT_RETAIN_SELF = YES;
				CLANG_WARN_OBJC_LITERAL_CONVERSION = YES;
				CLANG_WARN_OBJC_ROOT_CLASS = YES_ERROR;
				CLANG_WARN_QUOTED_INCLUDE_IN_FRAMEWORK_HEADER = YES;
				CLANG_WARN_RANGE_LOOP_ANALYSIS = YES;
				CLANG_WARN_STRICT_PROTOTYPES = YES;
				CLANG_WARN_SUSPICIOUS_MOVE = YES;
				CLANG_WARN_UNGUARDED_AVAILABILITY = YES_AGGRESSIVE;
				CLANG_WARN_UNREACHABLE_CODE = YES;
				CLANG_WARN__DUPLICATE_METHOD_MATCH = YES;
				COPY_PHASE_STRIP = NO;
				DEBUG_INFORMATION_FORMAT = "dwarf-with-dsym";
				ENABLE_NS_ASSERTIONS = NO;
				ENABLE_STRICT_OBJC_MSGSEND = YES;
				GCC_C_LANGUAGE_STANDARD = gnu11;
				GCC_NO_COMMON_BLOCKS = YES;
				GCC_OPTIMIZATION_LEVEL = 3;
				GCC_UNROLL_LOOPS = NO;
				GCC_WARN_64_TO_32_BIT_CONVERSION = YES;
				GCC_WARN_ABOUT_RETURN_TYPE = YES_ERROR;
				GCC_WARN_UNDECLARED_SELECTOR = YES;
				GCC_WARN_UNINITIALIZED_AUTOS = YES_AGGRESSIVE;
				GCC_WARN_UNUSED_FUNCTION = YES;
				GCC_WARN_UNUSED_VARIABLE = YES;
				MACOSX_DEPLOYMENT_TARGET = 10.15;
				MTL_ENABLE_DEBUG_INFO = NO;
				MTL_FAST_MATH = YES;
				ONLY_ACTIVE_ARCH = YES;
				SDKROOT = macosx;
				SWIFT_COMPILATION_MODE = wholemodule;
				SWIFT_OPTIMIZATION_LEVEL = "-O";
			};
			name = Release;
		};
		4691C78523D7B23C00E9E78D /* Debug */ = {
			isa = XCBuildConfiguration;
			buildSettings = {
				ASSETCATALOG_COMPILER_APPICON_NAME = AppIcon;
				CODE_SIGN_ENTITLEMENTS = "E64-II/E64_II.entitlements";
				CODE_SIGN_IDENTITY = "-";
				CODE_SIGN_STYLE = Automatic;
				COMBINE_HIDPI_IMAGES = YES;
				CURRENT_PROJECT_VERSION = 20200527;
				DEVELOPMENT_ASSET_PATHS = "\"E64-II/Preview Content\"";
				ENABLE_PREVIEWS = YES;
				FRAMEWORK_SEARCH_PATHS = (
					"$(inherited)",
					"$(LOCAL_LIBRARY_DIR)/Frameworks",
				);
				GCC_OPTIMIZATION_LEVEL = 2;
				INFOPLIST_FILE = "E64-II/Info.plist";
				LD_RUNPATH_SEARCH_PATHS = (
					"$(inherited)",
					"@executable_path/../Frameworks",
				);
				MACOSX_DEPLOYMENT_TARGET = 10.15;
				MARKETING_VERSION = 0.5;
				PRODUCT_BUNDLE_IDENTIFIER = "elmerucr.E64-II";
				PRODUCT_NAME = "$(TARGET_NAME)";
				SWIFT_VERSION = 5.0;
			};
			name = Debug;
		};
		4691C78623D7B23C00E9E78D /* Release */ = {
			isa = XCBuildConfiguration;
			buildSettings = {
				ASSETCATALOG_COMPILER_APPICON_NAME = AppIcon;
				CODE_SIGN_ENTITLEMENTS = "E64-II/E64_II.entitlements";
				CODE_SIGN_IDENTITY = "-";
				CODE_SIGN_STYLE = Automatic;
				COMBINE_HIDPI_IMAGES = YES;
				CURRENT_PROJECT_VERSION = 20200527;
				DEVELOPMENT_ASSET_PATHS = "\"E64-II/Preview Content\"";
				ENABLE_PREVIEWS = YES;
				FRAMEWORK_SEARCH_PATHS = (
					"$(inherited)",
					"$(LOCAL_LIBRARY_DIR)/Frameworks",
				);
				GCC_OPTIMIZATION_LEVEL = fast;
				INFOPLIST_FILE = "E64-II/Info.plist";
				LD_RUNPATH_SEARCH_PATHS = (
					"$(inherited)",
					"@executable_path/../Frameworks",
				);
				MACOSX_DEPLOYMENT_TARGET = 10.15;
				MARKETING_VERSION = 0.5;
				PRODUCT_BUNDLE_IDENTIFIER = "elmerucr.E64-II";
				PRODUCT_NAME = "$(TARGET_NAME)";
				SWIFT_VERSION = 5.0;
			};
			name = Release;
		};
/* End XCBuildConfiguration section */

/* Begin XCConfigurationList section */
		4691C76C23D7B23A00E9E78D /* Build configuration list for PBXProject "E64-II" */ = {
			isa = XCConfigurationList;
			buildConfigurations = (
				4691C78223D7B23C00E9E78D /* Debug */,
				4691C78323D7B23C00E9E78D /* Release */,
			);
			defaultConfigurationIsVisible = 0;
			defaultConfigurationName = Release;
		};
		4691C78423D7B23C00E9E78D /* Build configuration list for PBXNativeTarget "E64-II" */ = {
			isa = XCConfigurationList;
			buildConfigurations = (
				4691C78523D7B23C00E9E78D /* Debug */,
				4691C78623D7B23C00E9E78D /* Release */,
			);
			defaultConfigurationIsVisible = 0;
			defaultConfigurationName = Release;
		};
/* End XCConfigurationList section */
	};
	rootObject = 4691C76923D7B23A00E9E78D /* Project object */;
}
